// !$*UTF8*$!
{
	archiveVersion = 1;
	classes = {
	};
	objectVersion = 46;
	objects = {

/* Begin PBXBuildFile section */
		E20256A61BEB413300095590 /* AppDelegate.m in Sources */ = {isa = PBXBuildFile; fileRef = E20256951BEB413300095590 /* AppDelegate.m */; };
		E20256A71BEB413300095590 /* Assets.xcassets in Resources */ = {isa = PBXBuildFile; fileRef = E20256961BEB413300095590 /* Assets.xcassets */; };
		E20256AA1BEB413300095590 /* main.m in Sources */ = {isa = PBXBuildFile; fileRef = E202569B1BEB413300095590 /* main.m */; };
		E20256AC1BEB413300095590 /* Developer.storyboard in Resources */ = {isa = PBXBuildFile; fileRef = E202569F1BEB413300095590 /* Developer.storyboard */; };
		E20256AD1BEB413300095590 /* Morph.storyboard in Resources */ = {isa = PBXBuildFile; fileRef = E20256A01BEB413300095590 /* Morph.storyboard */; };
		E20256AE1BEB413300095590 /* MorphTableViewController.swift in Sources */ = {isa = PBXBuildFile; fileRef = E20256A21BEB413300095590 /* MorphTableViewController.swift */; };
		E20256B51BEC94AA00095590 /* BFWNibView.m in Sources */ = {isa = PBXBuildFile; fileRef = E20256B41BEC94AA00095590 /* BFWNibView.m */; };
		E22A5E961C879BCB00AE9389 /* NibButton.swift in Sources */ = {isa = PBXBuildFile; fileRef = E22A5E951C879BCB00AE9389 /* NibButton.swift */; };
		E234075E1C08399000319D38 /* UIView+BFWCopy.m in Sources */ = {isa = PBXBuildFile; fileRef = E234075C1C08399000319D38 /* UIView+BFWCopy.m */; };
		E25687C41C6C5B8E00DD14D5 /* NSLayoutConstraintExtensions.swift in Sources */ = {isa = PBXBuildFile; fileRef = E25687C31C6C5B8E00DD14D5 /* NSLayoutConstraintExtensions.swift */; };
		E25687EB1C70ACC500DD14D5 /* MorphSegue.swift in Sources */ = {isa = PBXBuildFile; fileRef = E25687EA1C70ACC500DD14D5 /* MorphSegue.swift */; };
		E25687ED1C70AD0600DD14D5 /* UIViewMorphExtensions.swift in Sources */ = {isa = PBXBuildFile; fileRef = E25687EC1C70AD0600DD14D5 /* UIViewMorphExtensions.swift */; };
		E28F99621C446E20000A0A60 /* BlurView.swift in Sources */ = {isa = PBXBuildFile; fileRef = E28F99611C446E20000A0A60 /* BlurView.swift */; };
		E293CB631C9D7913006BB8D7 /* NibCellView.swift in Sources */ = {isa = PBXBuildFile; fileRef = E293CB621C9D7913006BB8D7 /* NibCellView.swift */; };
		E2DE2EF11BEDFE1300636D0D /* UIImageEffects.m in Sources */ = {isa = PBXBuildFile; fileRef = E2DE2EF01BEDFE1300636D0D /* UIImageEffects.m */; };
		E2DE2F7D1BEE009200636D0D /* UIImage+BFW.m in Sources */ = {isa = PBXBuildFile; fileRef = E2DE2F7C1BEE009200636D0D /* UIImage+BFW.m */; };
		E2FF6C7A1C413F37005514B6 /* LayerView.swift in Sources */ = {isa = PBXBuildFile; fileRef = E2FF6C791C413F37005514B6 /* LayerView.swift */; };
		E2FF6C7C1C413F61005514B6 /* DesignableView.swift in Sources */ = {isa = PBXBuildFile; fileRef = E2FF6C7B1C413F61005514B6 /* DesignableView.swift */; };
		E2FF6C7E1C413FA7005514B6 /* DesignableButton.swift in Sources */ = {isa = PBXBuildFile; fileRef = E2FF6C7D1C413FA7005514B6 /* DesignableButton.swift */; };
/* End PBXBuildFile section */

/* Begin PBXFileReference section */
		E20256441BEAD78200095590 /* BFWControls.app */ = {isa = PBXFileReference; explicitFileType = wrapper.application; includeInIndex = 0; path = BFWControls.app; sourceTree = BUILT_PRODUCTS_DIR; };
		E20256941BEB413300095590 /* AppDelegate.h */ = {isa = PBXFileReference; fileEncoding = 4; lastKnownFileType = sourcecode.c.h; path = AppDelegate.h; sourceTree = "<group>"; };
		E20256951BEB413300095590 /* AppDelegate.m */ = {isa = PBXFileReference; fileEncoding = 4; lastKnownFileType = sourcecode.c.objc; path = AppDelegate.m; sourceTree = "<group>"; };
		E20256961BEB413300095590 /* Assets.xcassets */ = {isa = PBXFileReference; lastKnownFileType = folder.assetcatalog; path = Assets.xcassets; sourceTree = "<group>"; };
		E202569B1BEB413300095590 /* main.m */ = {isa = PBXFileReference; fileEncoding = 4; lastKnownFileType = sourcecode.c.objc; path = main.m; sourceTree = "<group>"; };
		E202569F1BEB413300095590 /* Developer.storyboard */ = {isa = PBXFileReference; fileEncoding = 4; lastKnownFileType = file.storyboard; path = Developer.storyboard; sourceTree = "<group>"; };
		E20256A01BEB413300095590 /* Morph.storyboard */ = {isa = PBXFileReference; fileEncoding = 4; lastKnownFileType = file.storyboard; path = Morph.storyboard; sourceTree = "<group>"; };
		E20256A21BEB413300095590 /* MorphTableViewController.swift */ = {isa = PBXFileReference; fileEncoding = 4; lastKnownFileType = sourcecode.swift; path = MorphTableViewController.swift; sourceTree = "<group>"; };
		E20256B31BEC94AA00095590 /* BFWNibView.h */ = {isa = PBXFileReference; fileEncoding = 4; lastKnownFileType = sourcecode.c.h; path = BFWNibView.h; sourceTree = "<group>"; };
		E20256B41BEC94AA00095590 /* BFWNibView.m */ = {isa = PBXFileReference; fileEncoding = 4; lastKnownFileType = sourcecode.c.objc; path = BFWNibView.m; sourceTree = "<group>"; };
		E22A5E951C879BCB00AE9389 /* NibButton.swift */ = {isa = PBXFileReference; fileEncoding = 4; lastKnownFileType = sourcecode.swift; path = NibButton.swift; sourceTree = "<group>"; };
		E234075B1C08399000319D38 /* UIView+BFWCopy.h */ = {isa = PBXFileReference; fileEncoding = 4; lastKnownFileType = sourcecode.c.h; path = "UIView+BFWCopy.h"; sourceTree = "<group>"; };
		E234075C1C08399000319D38 /* UIView+BFWCopy.m */ = {isa = PBXFileReference; fileEncoding = 4; lastKnownFileType = sourcecode.c.objc; path = "UIView+BFWCopy.m"; sourceTree = "<group>"; };
		E23407641C0AD7A100319D38 /* BFWControls-Bridging-Header.h */ = {isa = PBXFileReference; lastKnownFileType = sourcecode.c.h; path = "BFWControls-Bridging-Header.h"; sourceTree = "<group>"; };
		E25687C31C6C5B8E00DD14D5 /* NSLayoutConstraintExtensions.swift */ = {isa = PBXFileReference; fileEncoding = 4; lastKnownFileType = sourcecode.swift; path = NSLayoutConstraintExtensions.swift; sourceTree = "<group>"; };
		E25687EA1C70ACC500DD14D5 /* MorphSegue.swift */ = {isa = PBXFileReference; fileEncoding = 4; lastKnownFileType = sourcecode.swift; path = MorphSegue.swift; sourceTree = "<group>"; };
		E25687EC1C70AD0600DD14D5 /* UIViewMorphExtensions.swift */ = {isa = PBXFileReference; fileEncoding = 4; lastKnownFileType = sourcecode.swift; path = UIViewMorphExtensions.swift; sourceTree = "<group>"; };
		E257557E1C40E0B4002AB6E6 /* Info.plist */ = {isa = PBXFileReference; fileEncoding = 4; lastKnownFileType = text.plist.xml; path = Info.plist; sourceTree = "<group>"; };
		E28F99611C446E20000A0A60 /* BlurView.swift */ = {isa = PBXFileReference; fileEncoding = 4; lastKnownFileType = sourcecode.swift; path = BlurView.swift; sourceTree = "<group>"; };
		E293CB621C9D7913006BB8D7 /* NibCellView.swift */ = {isa = PBXFileReference; fileEncoding = 4; lastKnownFileType = sourcecode.swift; path = NibCellView.swift; sourceTree = "<group>"; };
		E2DE2EEF1BEDFE1300636D0D /* UIImageEffects.h */ = {isa = PBXFileReference; fileEncoding = 4; lastKnownFileType = sourcecode.c.h; path = UIImageEffects.h; sourceTree = "<group>"; };
		E2DE2EF01BEDFE1300636D0D /* UIImageEffects.m */ = {isa = PBXFileReference; fileEncoding = 4; lastKnownFileType = sourcecode.c.objc; path = UIImageEffects.m; sourceTree = "<group>"; };
		E2DE2F7B1BEE009200636D0D /* UIImage+BFW.h */ = {isa = PBXFileReference; fileEncoding = 4; lastKnownFileType = sourcecode.c.h; path = "UIImage+BFW.h"; sourceTree = "<group>"; };
		E2DE2F7C1BEE009200636D0D /* UIImage+BFW.m */ = {isa = PBXFileReference; fileEncoding = 4; lastKnownFileType = sourcecode.c.objc; path = "UIImage+BFW.m"; sourceTree = "<group>"; };
		E2FF6C791C413F37005514B6 /* LayerView.swift */ = {isa = PBXFileReference; fileEncoding = 4; lastKnownFileType = sourcecode.swift; path = LayerView.swift; sourceTree = "<group>"; };
		E2FF6C7B1C413F61005514B6 /* DesignableView.swift */ = {isa = PBXFileReference; fileEncoding = 4; lastKnownFileType = sourcecode.swift; path = DesignableView.swift; sourceTree = "<group>"; };
		E2FF6C7D1C413FA7005514B6 /* DesignableButton.swift */ = {isa = PBXFileReference; fileEncoding = 4; lastKnownFileType = sourcecode.swift; path = DesignableButton.swift; sourceTree = "<group>"; };
/* End PBXFileReference section */

/* Begin PBXFrameworksBuildPhase section */
		E20256411BEAD78200095590 /* Frameworks */ = {
			isa = PBXFrameworksBuildPhase;
			buildActionMask = 2147483647;
			files = (
			);
			runOnlyForDeploymentPostprocessing = 0;
		};
/* End PBXFrameworksBuildPhase section */

/* Begin PBXGroup section */
		E202563B1BEAD78200095590 = {
			isa = PBXGroup;
			children = (
				E20256461BEAD78200095590 /* BFWControls */,
				E20256451BEAD78200095590 /* Products */,
				E2DE2EEC1BEDFE1300636D0D /* Submodules */,
			);
			sourceTree = "<group>";
		};
		E20256451BEAD78200095590 /* Products */ = {
			isa = PBXGroup;
			children = (
				E20256441BEAD78200095590 /* BFWControls.app */,
			);
			name = Products;
			sourceTree = "<group>";
		};
		E20256461BEAD78200095590 /* BFWControls */ = {
			isa = PBXGroup;
			children = (
				E20256931BEB413300095590 /* Launch */,
				E202565E1BEAD7BC00095590 /* Modules */,
				E202569C1BEB413300095590 /* Sample */,
			);
			path = BFWControls;
			sourceTree = "<group>";
		};
		E202565E1BEAD7BC00095590 /* Modules */ = {
			isa = PBXGroup;
			children = (
				E2DE2EF21BEDFE6100636D0D /* Blur */,
				E2FF6C771C413F37005514B6 /* Layer */,
				E25687C11C6C5B6000DD14D5 /* Layout */,
				E20256B11BEC94AA00095590 /* NibView */,
				E202566F1BEAD92700095590 /* Segues */,
			);
			path = Modules;
			sourceTree = "<group>";
		};
		E202566F1BEAD92700095590 /* Segues */ = {
			isa = PBXGroup;
			children = (
				E25687E91C70ACC500DD14D5 /* View */,
			);
			path = Segues;
			sourceTree = "<group>";
		};
		E20256931BEB413300095590 /* Launch */ = {
			isa = PBXGroup;
			children = (
				E20256941BEB413300095590 /* AppDelegate.h */,
				E20256951BEB413300095590 /* AppDelegate.m */,
				E20256961BEB413300095590 /* Assets.xcassets */,
				E23407641C0AD7A100319D38 /* BFWControls-Bridging-Header.h */,
				E257557E1C40E0B4002AB6E6 /* Info.plist */,
				E202569B1BEB413300095590 /* main.m */,
			);
			path = Launch;
			sourceTree = "<group>";
		};
		E202569C1BEB413300095590 /* Sample */ = {
			isa = PBXGroup;
			children = (
				E202569D1BEB413300095590 /* Controller */,
			);
			path = Sample;
			sourceTree = "<group>";
		};
		E202569D1BEB413300095590 /* Controller */ = {
			isa = PBXGroup;
			children = (
				E202569F1BEB413300095590 /* Developer.storyboard */,
				E20256A01BEB413300095590 /* Morph.storyboard */,
				E20256A21BEB413300095590 /* MorphTableViewController.swift */,
			);
			path = Controller;
			sourceTree = "<group>";
		};
		E20256B11BEC94AA00095590 /* NibView */ = {
			isa = PBXGroup;
			children = (
				E20256B21BEC94AA00095590 /* View */,
			);
			path = NibView;
			sourceTree = "<group>";
		};
		E20256B21BEC94AA00095590 /* View */ = {
			isa = PBXGroup;
			children = (
				E20256B31BEC94AA00095590 /* BFWNibView.h */,
				E20256B41BEC94AA00095590 /* BFWNibView.m */,
				E22A5E951C879BCB00AE9389 /* NibButton.swift */,
				E293CB621C9D7913006BB8D7 /* NibCellView.swift */,
				E234075B1C08399000319D38 /* UIView+BFWCopy.h */,
				E234075C1C08399000319D38 /* UIView+BFWCopy.m */,
			);
			path = View;
			sourceTree = "<group>";
		};
		E25687C11C6C5B6000DD14D5 /* Layout */ = {
			isa = PBXGroup;
			children = (
				E25687C21C6C5B6000DD14D5 /* View */,
			);
			path = Layout;
			sourceTree = "<group>";
		};
		E25687C21C6C5B6000DD14D5 /* View */ = {
			isa = PBXGroup;
			children = (
				E25687C31C6C5B8E00DD14D5 /* NSLayoutConstraintExtensions.swift */,
			);
			path = View;
			sourceTree = "<group>";
		};
		E25687E91C70ACC500DD14D5 /* View */ = {
			isa = PBXGroup;
			children = (
				E25687EA1C70ACC500DD14D5 /* MorphSegue.swift */,
				E25687EC1C70AD0600DD14D5 /* UIViewMorphExtensions.swift */,
			);
			path = View;
			sourceTree = "<group>";
		};
		E2DE2EEC1BEDFE1300636D0D /* Submodules */ = {
			isa = PBXGroup;
			children = (
				E2DE2EED1BEDFE1300636D0D /* Apple */,
			);
			path = Submodules;
			sourceTree = "<group>";
		};
		E2DE2EED1BEDFE1300636D0D /* Apple */ = {
			isa = PBXGroup;
			children = (
				E2DE2EEE1BEDFE1300636D0D /* View */,
			);
			path = Apple;
			sourceTree = "<group>";
		};
		E2DE2EEE1BEDFE1300636D0D /* View */ = {
			isa = PBXGroup;
			children = (
				E2DE2EEF1BEDFE1300636D0D /* UIImageEffects.h */,
				E2DE2EF01BEDFE1300636D0D /* UIImageEffects.m */,
			);
			path = View;
			sourceTree = "<group>";
		};
		E2DE2EF21BEDFE6100636D0D /* Blur */ = {
			isa = PBXGroup;
			children = (
				E2DE2EF31BEDFE6100636D0D /* View */,
			);
			path = Blur;
			sourceTree = "<group>";
		};
		E2DE2EF31BEDFE6100636D0D /* View */ = {
			isa = PBXGroup;
			children = (
				E28F99611C446E20000A0A60 /* BlurView.swift */,
				E2DE2F7B1BEE009200636D0D /* UIImage+BFW.h */,
				E2DE2F7C1BEE009200636D0D /* UIImage+BFW.m */,
			);
			path = View;
			sourceTree = "<group>";
		};
		E2FF6C771C413F37005514B6 /* Layer */ = {
			isa = PBXGroup;
			children = (
				E2FF6C781C413F37005514B6 /* View */,
			);
			path = Layer;
			sourceTree = "<group>";
		};
		E2FF6C781C413F37005514B6 /* View */ = {
			isa = PBXGroup;
			children = (
				E2FF6C7D1C413FA7005514B6 /* DesignableButton.swift */,
				E2FF6C7B1C413F61005514B6 /* DesignableView.swift */,
				E2FF6C791C413F37005514B6 /* LayerView.swift */,
			);
			path = View;
			sourceTree = "<group>";
		};
/* End PBXGroup section */

/* Begin PBXNativeTarget section */
		E20256431BEAD78200095590 /* BFWControls */ = {
			isa = PBXNativeTarget;
			buildConfigurationList = E202565B1BEAD78200095590 /* Build configuration list for PBXNativeTarget "BFWControls" */;
			buildPhases = (
				E20256401BEAD78200095590 /* Sources */,
				E20256411BEAD78200095590 /* Frameworks */,
				E20256421BEAD78200095590 /* Resources */,
			);
			buildRules = (
			);
			dependencies = (
			);
			name = BFWControls;
			productName = BFWControls;
			productReference = E20256441BEAD78200095590 /* BFWControls.app */;
			productType = "com.apple.product-type.application";
		};
/* End PBXNativeTarget section */

/* Begin PBXProject section */
		E202563C1BEAD78200095590 /* Project object */ = {
			isa = PBXProject;
			attributes = {
				LastUpgradeCheck = 0710;
				ORGANIZATIONNAME = BareFeetWare;
				TargetAttributes = {
					E20256431BEAD78200095590 = {
						CreatedOnToolsVersion = 7.1;
					};
				};
			};
			buildConfigurationList = E202563F1BEAD78200095590 /* Build configuration list for PBXProject "BFWControls" */;
			compatibilityVersion = "Xcode 3.2";
			developmentRegion = English;
			hasScannedForEncodings = 0;
			knownRegions = (
				en,
				Base,
			);
			mainGroup = E202563B1BEAD78200095590;
			productRefGroup = E20256451BEAD78200095590 /* Products */;
			projectDirPath = "";
			projectRoot = "";
			targets = (
				E20256431BEAD78200095590 /* BFWControls */,
			);
		};
/* End PBXProject section */

/* Begin PBXResourcesBuildPhase section */
		E20256421BEAD78200095590 /* Resources */ = {
			isa = PBXResourcesBuildPhase;
			buildActionMask = 2147483647;
			files = (
				E20256A71BEB413300095590 /* Assets.xcassets in Resources */,
				E20256AC1BEB413300095590 /* Developer.storyboard in Resources */,
				E20256AD1BEB413300095590 /* Morph.storyboard in Resources */,
			);
			runOnlyForDeploymentPostprocessing = 0;
		};
/* End PBXResourcesBuildPhase section */

/* Begin PBXSourcesBuildPhase section */
		E20256401BEAD78200095590 /* Sources */ = {
			isa = PBXSourcesBuildPhase;
			buildActionMask = 2147483647;
			files = (
				E293CB631C9D7913006BB8D7 /* NibCellView.swift in Sources */,
				E22A5E961C879BCB00AE9389 /* NibButton.swift in Sources */,
				E20256B51BEC94AA00095590 /* BFWNibView.m in Sources */,
				E28F99621C446E20000A0A60 /* BlurView.swift in Sources */,
				E25687EB1C70ACC500DD14D5 /* MorphSegue.swift in Sources */,
				E25687ED1C70AD0600DD14D5 /* UIViewMorphExtensions.swift in Sources */,
				E234075E1C08399000319D38 /* UIView+BFWCopy.m in Sources */,
				E2DE2F7D1BEE009200636D0D /* UIImage+BFW.m in Sources */,
				E20256AA1BEB413300095590 /* main.m in Sources */,
				E20256AE1BEB413300095590 /* MorphTableViewController.swift in Sources */,
				E2FF6C7C1C413F61005514B6 /* DesignableView.swift in Sources */,
				E20256A61BEB413300095590 /* AppDelegate.m in Sources */,
				E2FF6C7E1C413FA7005514B6 /* DesignableButton.swift in Sources */,
				E2FF6C7A1C413F37005514B6 /* LayerView.swift in Sources */,
				E2DE2EF11BEDFE1300636D0D /* UIImageEffects.m in Sources */,
				E25687C41C6C5B8E00DD14D5 /* NSLayoutConstraintExtensions.swift in Sources */,
			);
			runOnlyForDeploymentPostprocessing = 0;
		};
/* End PBXSourcesBuildPhase section */

/* Begin XCBuildConfiguration section */
		E20256591BEAD78200095590 /* Debug */ = {
			isa = XCBuildConfiguration;
			buildSettings = {
				ALWAYS_SEARCH_USER_PATHS = NO;
				CLANG_CXX_LANGUAGE_STANDARD = "gnu++0x";
				CLANG_CXX_LIBRARY = "libc++";
				CLANG_ENABLE_MODULES = YES;
				CLANG_ENABLE_OBJC_ARC = YES;
				CLANG_WARN_BOOL_CONVERSION = YES;
				CLANG_WARN_CONSTANT_CONVERSION = YES;
				CLANG_WARN_DIRECT_OBJC_ISA_USAGE = YES_ERROR;
				CLANG_WARN_EMPTY_BODY = YES;
				CLANG_WARN_ENUM_CONVERSION = YES;
				CLANG_WARN_INT_CONVERSION = YES;
				CLANG_WARN_OBJC_ROOT_CLASS = YES_ERROR;
				CLANG_WARN_UNREACHABLE_CODE = YES;
				CLANG_WARN__DUPLICATE_METHOD_MATCH = YES;
				"CODE_SIGN_IDENTITY[sdk=iphoneos*]" = "iPhone Developer";
				COPY_PHASE_STRIP = NO;
				DEBUG_INFORMATION_FORMAT = dwarf;
				ENABLE_STRICT_OBJC_MSGSEND = YES;
				ENABLE_TESTABILITY = YES;
				GCC_C_LANGUAGE_STANDARD = gnu99;
				GCC_DYNAMIC_NO_PIC = NO;
				GCC_NO_COMMON_BLOCKS = YES;
				GCC_OPTIMIZATION_LEVEL = 0;
				GCC_PREPROCESSOR_DEFINITIONS = (
					"DEBUG=1",
					"$(inherited)",
				);
				GCC_WARN_64_TO_32_BIT_CONVERSION = YES;
				GCC_WARN_ABOUT_RETURN_TYPE = YES_ERROR;
				GCC_WARN_UNDECLARED_SELECTOR = YES;
				GCC_WARN_UNINITIALIZED_AUTOS = YES_AGGRESSIVE;
				GCC_WARN_UNUSED_FUNCTION = YES;
				GCC_WARN_UNUSED_VARIABLE = YES;
				IPHONEOS_DEPLOYMENT_TARGET = 9.1;
				MTL_ENABLE_DEBUG_INFO = YES;
				ONLY_ACTIVE_ARCH = YES;
				SDKROOT = iphoneos;
				TARGETED_DEVICE_FAMILY = "1,2";
			};
			name = Debug;
		};
		E202565A1BEAD78200095590 /* Release */ = {
			isa = XCBuildConfiguration;
			buildSettings = {
				ALWAYS_SEARCH_USER_PATHS = NO;
				CLANG_CXX_LANGUAGE_STANDARD = "gnu++0x";
				CLANG_CXX_LIBRARY = "libc++";
				CLANG_ENABLE_MODULES = YES;
				CLANG_ENABLE_OBJC_ARC = YES;
				CLANG_WARN_BOOL_CONVERSION = YES;
				CLANG_WARN_CONSTANT_CONVERSION = YES;
				CLANG_WARN_DIRECT_OBJC_ISA_USAGE = YES_ERROR;
				CLANG_WARN_EMPTY_BODY = YES;
				CLANG_WARN_ENUM_CONVERSION = YES;
				CLANG_WARN_INT_CONVERSION = YES;
				CLANG_WARN_OBJC_ROOT_CLASS = YES_ERROR;
				CLANG_WARN_UNREACHABLE_CODE = YES;
				CLANG_WARN__DUPLICATE_METHOD_MATCH = YES;
				"CODE_SIGN_IDENTITY[sdk=iphoneos*]" = "iPhone Developer";
				COPY_PHASE_STRIP = NO;
				DEBUG_INFORMATION_FORMAT = "dwarf-with-dsym";
				ENABLE_NS_ASSERTIONS = NO;
				ENABLE_STRICT_OBJC_MSGSEND = YES;
				GCC_C_LANGUAGE_STANDARD = gnu99;
				GCC_NO_COMMON_BLOCKS = YES;
				GCC_WARN_64_TO_32_BIT_CONVERSION = YES;
				GCC_WARN_ABOUT_RETURN_TYPE = YES_ERROR;
				GCC_WARN_UNDECLARED_SELECTOR = YES;
				GCC_WARN_UNINITIALIZED_AUTOS = YES_AGGRESSIVE;
				GCC_WARN_UNUSED_FUNCTION = YES;
				GCC_WARN_UNUSED_VARIABLE = YES;
				IPHONEOS_DEPLOYMENT_TARGET = 9.1;
				MTL_ENABLE_DEBUG_INFO = NO;
				SDKROOT = iphoneos;
				TARGETED_DEVICE_FAMILY = "1,2";
				VALIDATE_PRODUCT = YES;
			};
			name = Release;
		};
		E202565C1BEAD78200095590 /* Debug */ = {
			isa = XCBuildConfiguration;
			buildSettings = {
				ASSETCATALOG_COMPILER_APPICON_NAME = AppIcon;
				CLANG_ENABLE_MODULES = YES;
				INFOPLIST_FILE = BFWControls/Launch/Info.plist;
				IPHONEOS_DEPLOYMENT_TARGET = 8.0;
				LD_RUNPATH_SEARCH_PATHS = "$(inherited) @executable_path/Frameworks";
				PRODUCT_BUNDLE_IDENTIFIER = com.barefeetware.BFWControls;
				PRODUCT_NAME = "$(TARGET_NAME)";
				SWIFT_OBJC_BRIDGING_HEADER = "BFWControls/Launch/BFWControls-Bridging-Header.h";
				SWIFT_OPTIMIZATION_LEVEL = "-Onone";
			};
			name = Debug;
		};
		E202565D1BEAD78200095590 /* Release */ = {
			isa = XCBuildConfiguration;
			buildSettings = {
				ASSETCATALOG_COMPILER_APPICON_NAME = AppIcon;
				CLANG_ENABLE_MODULES = YES;
				INFOPLIST_FILE = BFWControls/Launch/Info.plist;
				IPHONEOS_DEPLOYMENT_TARGET = 8.0;
				LD_RUNPATH_SEARCH_PATHS = "$(inherited) @executable_path/Frameworks";
				PRODUCT_BUNDLE_IDENTIFIER = com.barefeetware.BFWControls;
				PRODUCT_NAME = "$(TARGET_NAME)";
				SWIFT_OBJC_BRIDGING_HEADER = "BFWControls/Launch/BFWControls-Bridging-Header.h";
			};
			name = Release;
		};
/* End XCBuildConfiguration section */

/* Begin XCConfigurationList section */
		E202563F1BEAD78200095590 /* Build configuration list for PBXProject "BFWControls" */ = {
			isa = XCConfigurationList;
			buildConfigurations = (
				E20256591BEAD78200095590 /* Debug */,
				E202565A1BEAD78200095590 /* Release */,
			);
			defaultConfigurationIsVisible = 0;
			defaultConfigurationName = Release;
		};
		E202565B1BEAD78200095590 /* Build configuration list for PBXNativeTarget "BFWControls" */ = {
			isa = XCConfigurationList;
			buildConfigurations = (
				E202565C1BEAD78200095590 /* Debug */,
				E202565D1BEAD78200095590 /* Release */,
			);
			defaultConfigurationIsVisible = 0;
			defaultConfigurationName = Release;
		};
/* End XCConfigurationList section */
	};
	rootObject = E202563C1BEAD78200095590 /* Project object */;
}
