// !$*UTF8*$!
{
	archiveVersion = 1;
	classes = {
	};
	objectVersion = 46;
	objects = {

/* Begin PBXBuildFile section */
		A11CF22A1EEC2F4D00020C0C /* DynamicHeightCellViewController.swift in Sources */ = {isa = PBXBuildFile; fileRef = A11CF2291EEC2F4D00020C0C /* DynamicHeightCellViewController.swift */; };
		A1BD33A21EEA2F9800D217F6 /* ExcludeCellDemoViewController.swift in Sources */ = {isa = PBXBuildFile; fileRef = A1BD33A11EEA2F9800D217F6 /* ExcludeCellDemoViewController.swift */; };
		A1BD33B91EEAC9A400D217F6 /* DynamicCellDemoViewController.swift in Sources */ = {isa = PBXBuildFile; fileRef = A1BD33B81EEAC9A400D217F6 /* DynamicCellDemoViewController.swift */; };
		A1E0C3561EE9257A009F4ED3 /* SegueHandlerType.swift in Sources */ = {isa = PBXBuildFile; fileRef = E28BA95F1E96402500D5DE3D /* SegueHandlerType.swift */; };
		A1EDD9B72105E8AE00A76119 /* BFWNibCollectionViewCell.h in Headers */ = {isa = PBXBuildFile; fileRef = A1EDD9B52105E8AE00A76119 /* BFWNibCollectionViewCell.h */; settings = {ATTRIBUTES = (Public, ); }; };
		A1EDD9B82105E8AE00A76119 /* BFWNibCollectionViewCell.m in Sources */ = {isa = PBXBuildFile; fileRef = A1EDD9B62105E8AE00A76119 /* BFWNibCollectionViewCell.m */; };
		A1EDD9BB2105EAAA00A76119 /* AvatarCollectionViewCell.swift in Sources */ = {isa = PBXBuildFile; fileRef = A1EDD9B92105EAAA00A76119 /* AvatarCollectionViewCell.swift */; };
		A1EDD9BC2105EAAA00A76119 /* AvatarCollectionViewCell.xib in Resources */ = {isa = PBXBuildFile; fileRef = A1EDD9BA2105EAAA00A76119 /* AvatarCollectionViewCell.xib */; };
		E2037A9A209815BB001E0BBA /* NSAttributedString+TextAttributes.swift in Sources */ = {isa = PBXBuildFile; fileRef = E2037A99209815BB001E0BBA /* NSAttributedString+TextAttributes.swift */; };
		E2037AA5209851F8001E0BBA /* UITableViewCell+Copy.swift in Sources */ = {isa = PBXBuildFile; fileRef = E2037AA4209851F8001E0BBA /* UITableViewCell+Copy.swift */; };
		E207BCAA1EADE577007BB14F /* UIImage+BFW.swift in Sources */ = {isa = PBXBuildFile; fileRef = E207BCA91EADE577007BB14F /* UIImage+BFW.swift */; };
		E212B38B20D8776700A5E677 /* InputValidator.swift in Sources */ = {isa = PBXBuildFile; fileRef = E212B38A20D8776600A5E677 /* InputValidator.swift */; };
		E21C688021A52E4600BADF78 /* Icon.xcassets in Resources */ = {isa = PBXBuildFile; fileRef = E21C687F21A52E4600BADF78 /* Icon.xcassets */; };
		E22097701F4185B500400079 /* NibCollectionViewCell.swift in Sources */ = {isa = PBXBuildFile; fileRef = E220976F1F4185B500400079 /* NibCollectionViewCell.swift */; };
		E22477EA1ECBCAA7004A7802 /* Transition.storyboard in Resources */ = {isa = PBXBuildFile; fileRef = E22477E81ECBCAA7004A7802 /* Transition.storyboard */; };
		E22477EB1ECBCAA7004A7802 /* TransitionViewController.swift in Sources */ = {isa = PBXBuildFile; fileRef = E22477E91ECBCAA7004A7802 /* TransitionViewController.swift */; };
		E226BD07209C3AD700652E86 /* NibReplaceable.swift in Sources */ = {isa = PBXBuildFile; fileRef = E226BD06209C3AD600652E86 /* NibReplaceable.swift */; };
		E22A98EC2107E52500572A85 /* UIViewController+SegmentedControl.swift in Sources */ = {isa = PBXBuildFile; fileRef = E22A98EB2107E52500572A85 /* UIViewController+SegmentedControl.swift */; };
		E22FD1B21EC564AD0043171C /* UIViewController+Dismiss.swift in Sources */ = {isa = PBXBuildFile; fileRef = E22FD1B11EC564AD0043171C /* UIViewController+Dismiss.swift */; };
		E22FEA7321A2D69A000DB707 /* BackgroundNavigationController.swift in Sources */ = {isa = PBXBuildFile; fileRef = E22FEA7221A2D69A000DB707 /* BackgroundNavigationController.swift */; };
		E22FEA7521A2D6CA000DB707 /* BackgroundView.swift in Sources */ = {isa = PBXBuildFile; fileRef = E22FEA7421A2D6CA000DB707 /* BackgroundView.swift */; };
		E22FEA7721A2D6E1000DB707 /* BackgroundView.xib in Resources */ = {isa = PBXBuildFile; fileRef = E22FEA7621A2D6E1000DB707 /* BackgroundView.xib */; };
		E22FEA7A21A2D7B5000DB707 /* Background.xcassets in Resources */ = {isa = PBXBuildFile; fileRef = E22FEA7921A2D7B5000DB707 /* Background.xcassets */; };
		E22FEA7C21A2DEFC000DB707 /* BackgroundTableView.swift in Sources */ = {isa = PBXBuildFile; fileRef = E22FEA7B21A2DEFC000DB707 /* BackgroundTableView.swift */; };
		E2320B2D1FDF6A49000E940E /* UITableViewCell+Separator.swift in Sources */ = {isa = PBXBuildFile; fileRef = E2320B2C1FDF6A49000E940E /* UITableViewCell+Separator.swift */; };
		E235410721A2EE7D00DB9DA2 /* NibButton.swift in Sources */ = {isa = PBXBuildFile; fileRef = E235410621A2EE7D00DB9DA2 /* NibButton.swift */; };
		E235410921A2EFE600DB9DA2 /* TileButton.swift in Sources */ = {isa = PBXBuildFile; fileRef = E235410821A2EFE600DB9DA2 /* TileButton.swift */; };
		E235410B21A2F06100DB9DA2 /* TileButton.xib in Resources */ = {isa = PBXBuildFile; fileRef = E235410A21A2F06000DB9DA2 /* TileButton.xib */; };
		E235410E21A2F84900DB9DA2 /* BFWNibButton.h in Headers */ = {isa = PBXBuildFile; fileRef = E235410C21A2F84900DB9DA2 /* BFWNibButton.h */; settings = {ATTRIBUTES = (Public, ); }; };
		E235410F21A2F84900DB9DA2 /* BFWNibButton.m in Sources */ = {isa = PBXBuildFile; fileRef = E235410D21A2F84900DB9DA2 /* BFWNibButton.m */; };
		E235411121A2FB7E00DB9DA2 /* UIButton+Copy.swift in Sources */ = {isa = PBXBuildFile; fileRef = E235411021A2FB7E00DB9DA2 /* UIButton+Copy.swift */; };
		E2430DC62161D7DD00DE95AE /* HidingStackView.swift in Sources */ = {isa = PBXBuildFile; fileRef = E2430DC52161D7DD00DE95AE /* HidingStackView.swift */; };
		E24682211F24820B007285DB /* ShadableView.swift in Sources */ = {isa = PBXBuildFile; fileRef = E24682201F24820B007285DB /* ShadableView.swift */; };
		E24D5CBF20FEAE4F00600102 /* NibContainerSegmentedControl.swift in Sources */ = {isa = PBXBuildFile; fileRef = E24D5CBE20FEAE4F00600102 /* NibContainerSegmentedControl.swift */; };
		E24D5CC320FEB45300600102 /* UIView+UIImage.swift in Sources */ = {isa = PBXBuildFile; fileRef = E24D5CC220FEB45200600102 /* UIView+UIImage.swift */; };
		E24FFA1720D6255900A36699 /* UIViewController+Unwind.swift in Sources */ = {isa = PBXBuildFile; fileRef = E24FFA1620D6255900A36699 /* UIViewController+Unwind.swift */; };
		E24FFA1C20D7244A00A36699 /* UIApplication+Unwind.swift in Sources */ = {isa = PBXBuildFile; fileRef = E24FFA1B20D7244A00A36699 /* UIApplication+Unwind.swift */; };
		E26002B5217064C400F4BA98 /* IBLog.swift in Sources */ = {isa = PBXBuildFile; fileRef = E26002B4217064C400F4BA98 /* IBLog.swift */; };
		E26403782116B14800A4204C /* AvatarTableViewCell.swift in Sources */ = {isa = PBXBuildFile; fileRef = E2E40F0F2091B7CF005D0AA5 /* AvatarTableViewCell.swift */; };
		E26403822119CE4B00A4204C /* AdjustingTableViewController.swift in Sources */ = {isa = PBXBuildFile; fileRef = E26403812119CE4B00A4204C /* AdjustingTableViewController.swift */; };
		E2640386211BB5B300A4204C /* ArcView.storyboard in Resources */ = {isa = PBXBuildFile; fileRef = E2640385211BB5B300A4204C /* ArcView.storyboard */; };
		E2640391211CF4A900A4204C /* ArcTableViewCell.swift in Sources */ = {isa = PBXBuildFile; fileRef = E264038F211CF4A900A4204C /* ArcTableViewCell.swift */; };
		E2640392211CF4A900A4204C /* ArcTableViewCell.xib in Resources */ = {isa = PBXBuildFile; fileRef = E2640390211CF4A900A4204C /* ArcTableViewCell.xib */; };
		E26E1F971F9C34F90008BACB /* NibCellViewContainer.swift in Sources */ = {isa = PBXBuildFile; fileRef = E26E1F961F9C34F90008BACB /* NibCellViewContainer.swift */; };
		E26EE120210DCFC900E0781D /* ArcView.swift in Sources */ = {isa = PBXBuildFile; fileRef = E26EE11F210DCFC800E0781D /* ArcView.swift */; };
		E288EEBA21094DDE00887F29 /* UIView+Hierarchy.swift in Sources */ = {isa = PBXBuildFile; fileRef = E288EEB921094DDD00887F29 /* UIView+Hierarchy.swift */; };
		E288EEBC21094E6900887F29 /* UIView+NSLayoutConstraints.swift in Sources */ = {isa = PBXBuildFile; fileRef = E288EEBB21094E6900887F29 /* UIView+NSLayoutConstraints.swift */; };
		E28BA96D1E96402500D5DE3D /* AlertViewController.swift in Sources */ = {isa = PBXBuildFile; fileRef = E28BA91F1E96402500D5DE3D /* AlertViewController.swift */; };
		E28BA96E1E96402500D5DE3D /* ActionSheetView.swift in Sources */ = {isa = PBXBuildFile; fileRef = E28BA9211E96402500D5DE3D /* ActionSheetView.swift */; };
		E28BA96F1E96402500D5DE3D /* ActionSheetView.xib in Resources */ = {isa = PBXBuildFile; fileRef = E28BA9221E96402500D5DE3D /* ActionSheetView.xib */; };
		E28BA9701E96402500D5DE3D /* AlertView.swift in Sources */ = {isa = PBXBuildFile; fileRef = E28BA9231E96402500D5DE3D /* AlertView.swift */; };
		E28BA9711E96402500D5DE3D /* AlertView.xib in Resources */ = {isa = PBXBuildFile; fileRef = E28BA9241E96402500D5DE3D /* AlertView.xib */; };
		E28BA9721E96402500D5DE3D /* AlertViewOverlay.swift in Sources */ = {isa = PBXBuildFile; fileRef = E28BA9251E96402500D5DE3D /* AlertViewOverlay.swift */; };
		E28BA9731E96402500D5DE3D /* AlertViewOverlay.xib in Resources */ = {isa = PBXBuildFile; fileRef = E28BA9261E96402500D5DE3D /* AlertViewOverlay.xib */; };
		E28BA9741E96402500D5DE3D /* StaticAlertView.swift in Sources */ = {isa = PBXBuildFile; fileRef = E28BA9271E96402500D5DE3D /* StaticAlertView.swift */; };
		E28BA9751E96402500D5DE3D /* StaticAlertView.xib in Resources */ = {isa = PBXBuildFile; fileRef = E28BA9281E96402500D5DE3D /* StaticAlertView.xib */; };
		E28BA9761E96402500D5DE3D /* Binding.swift in Sources */ = {isa = PBXBuildFile; fileRef = E28BA92C1E96402500D5DE3D /* Binding.swift */; };
		E28BA9771E96402500D5DE3D /* BlurView.swift in Sources */ = {isa = PBXBuildFile; fileRef = E28BA92F1E96402500D5DE3D /* BlurView.swift */; };
		E28BA97A1E96402500D5DE3D /* CarouselViewController.swift in Sources */ = {isa = PBXBuildFile; fileRef = E28BA9341E96402500D5DE3D /* CarouselViewController.swift */; };
		E28BA97B1E96402500D5DE3D /* DesignableButton.swift in Sources */ = {isa = PBXBuildFile; fileRef = E28BA9371E96402500D5DE3D /* DesignableButton.swift */; };
		E28BA97C1E96402500D5DE3D /* DesignableView.swift in Sources */ = {isa = PBXBuildFile; fileRef = E28BA9381E96402500D5DE3D /* DesignableView.swift */; };
		E28BA97E1E96402500D5DE3D /* UIView+Transform.swift in Sources */ = {isa = PBXBuildFile; fileRef = E28BA93A1E96402500D5DE3D /* UIView+Transform.swift */; };
		E28BA97F1E96402500D5DE3D /* NSLayoutConstraintExtensions.swift in Sources */ = {isa = PBXBuildFile; fileRef = E28BA93D1E96402500D5DE3D /* NSLayoutConstraintExtensions.swift */; };
		E28BA9801E96402500D5DE3D /* PileView.swift in Sources */ = {isa = PBXBuildFile; fileRef = E28BA93E1E96402500D5DE3D /* PileView.swift */; };
		E28BA9831E96402500D5DE3D /* BFWNibView.m in Sources */ = {isa = PBXBuildFile; fileRef = E28BA9431E96402500D5DE3D /* BFWNibView.m */; };
		E28BA9841E96402500D5DE3D /* ImageNibCellView.swift in Sources */ = {isa = PBXBuildFile; fileRef = E28BA9441E96402500D5DE3D /* ImageNibCellView.swift */; };
		E28BA9851E96402500D5DE3D /* NibContainerButton.swift in Sources */ = {isa = PBXBuildFile; fileRef = E28BA9451E96402500D5DE3D /* NibContainerButton.swift */; };
		E28BA9861E96402500D5DE3D /* NibCellView.swift in Sources */ = {isa = PBXBuildFile; fileRef = E28BA9461E96402500D5DE3D /* NibCellView.swift */; };
		E28BA9881E96402500D5DE3D /* NibContentTableViewCell.swift in Sources */ = {isa = PBXBuildFile; fileRef = E28BA9481E96402500D5DE3D /* NibContentTableViewCell.swift */; };
		E28BA9891E96402500D5DE3D /* NibTableViewHeaderFooterView.swift in Sources */ = {isa = PBXBuildFile; fileRef = E28BA9491E96402500D5DE3D /* NibTableViewHeaderFooterView.swift */; };
		E28BA98A1E96402500D5DE3D /* NibTextField.swift in Sources */ = {isa = PBXBuildFile; fileRef = E28BA94A1E96402500D5DE3D /* NibTextField.swift */; };
		E28BA98B1E96402500D5DE3D /* NibView.swift in Sources */ = {isa = PBXBuildFile; fileRef = E28BA94B1E96402500D5DE3D /* NibView.swift */; };
		E28BA98C1E96402500D5DE3D /* StatusTextField.swift in Sources */ = {isa = PBXBuildFile; fileRef = E28BA94C1E96402500D5DE3D /* StatusTextField.swift */; };
		E28BA98D1E96402500D5DE3D /* StatusTextFieldNibView.swift in Sources */ = {isa = PBXBuildFile; fileRef = E28BA94D1E96402500D5DE3D /* StatusTextFieldNibView.swift */; };
		E28BA98F1E96402500D5DE3D /* UIView+Copy.swift in Sources */ = {isa = PBXBuildFile; fileRef = E28BA94F1E96402500D5DE3D /* UIView+Copy.swift */; };
		E28BA9901E96402500D5DE3D /* Dictionary+StyledText.swift in Sources */ = {isa = PBXBuildFile; fileRef = E28BA9531E96402500D5DE3D /* Dictionary+StyledText.swift */; };
		E28BA9911E96402500D5DE3D /* TextAttributes.swift in Sources */ = {isa = PBXBuildFile; fileRef = E28BA9541E96402500D5DE3D /* TextAttributes.swift */; };
		E28BA9921E96402500D5DE3D /* StyledText.swift in Sources */ = {isa = PBXBuildFile; fileRef = E28BA9561E96402500D5DE3D /* StyledText.swift */; };
		E28BA9931E96402500D5DE3D /* StaticTableViewController.swift in Sources */ = {isa = PBXBuildFile; fileRef = E28BA9591E96402500D5DE3D /* StaticTableViewController.swift */; };
		E28BA9941E96402500D5DE3D /* UIView+Table.swift in Sources */ = {isa = PBXBuildFile; fileRef = E28BA95B1E96402500D5DE3D /* UIView+Table.swift */; };
		E28BA9951E96402500D5DE3D /* AutoNextViewController.swift in Sources */ = {isa = PBXBuildFile; fileRef = E28BA95E1E96402500D5DE3D /* AutoNextViewController.swift */; };
		E28BA9961E96402500D5DE3D /* SegueHandlerType.swift in Sources */ = {isa = PBXBuildFile; fileRef = E28BA95F1E96402500D5DE3D /* SegueHandlerType.swift */; };
		E28BA9971E96402500D5DE3D /* DismissAndPresentSegue.swift in Sources */ = {isa = PBXBuildFile; fileRef = E28BA9611E96402500D5DE3D /* DismissAndPresentSegue.swift */; };
		E28BA9981E96402500D5DE3D /* DismissAndPushSegue.swift in Sources */ = {isa = PBXBuildFile; fileRef = E28BA9621E96402500D5DE3D /* DismissAndPushSegue.swift */; };
		E28BA9991E96402500D5DE3D /* MorphSegue.swift in Sources */ = {isa = PBXBuildFile; fileRef = E28BA9631E96402500D5DE3D /* MorphSegue.swift */; };
		E28BA99A1E96402500D5DE3D /* OpenURLSegue.swift in Sources */ = {isa = PBXBuildFile; fileRef = E28BA9641E96402500D5DE3D /* OpenURLSegue.swift */; };
		E28BA99B1E96402500D5DE3D /* TranslationAnimationController.swift in Sources */ = {isa = PBXBuildFile; fileRef = E28BA9651E96402500D5DE3D /* TranslationAnimationController.swift */; };
		E28BA99C1E96402500D5DE3D /* TranslationNavigationDelegate.swift in Sources */ = {isa = PBXBuildFile; fileRef = E28BA9661E96402500D5DE3D /* TranslationNavigationDelegate.swift */; };
		E28BA99D1E96402500D5DE3D /* TranslationTransitioningController.swift in Sources */ = {isa = PBXBuildFile; fileRef = E28BA9671E96402500D5DE3D /* TranslationTransitioningController.swift */; };
		E28BA99E1E96402500D5DE3D /* UIViewController+Segue.swift in Sources */ = {isa = PBXBuildFile; fileRef = E28BA9681E96402500D5DE3D /* UIViewController+Segue.swift */; };
		E28BA99F1E96402500D5DE3D /* UIViewMorphExtensions.swift in Sources */ = {isa = PBXBuildFile; fileRef = E28BA9691E96402500D5DE3D /* UIViewMorphExtensions.swift */; };
		E28BA9A01E96402500D5DE3D /* DefaultsHandlerType.swift in Sources */ = {isa = PBXBuildFile; fileRef = E28BA96C1E96402500D5DE3D /* DefaultsHandlerType.swift */; };
		E28BA9A11E9643BC00D5DE3D /* BFWControls.h in Headers */ = {isa = PBXBuildFile; fileRef = E28BA9141E963F7900D5DE3D /* BFWControls.h */; settings = {ATTRIBUTES = (Public, ); }; };
		E28BA9A81E96457100D5DE3D /* BFWNibView.h in Headers */ = {isa = PBXBuildFile; fileRef = E28BA9A61E96457100D5DE3D /* BFWNibView.h */; settings = {ATTRIBUTES = (Public, ); }; };
		E28BA9B41E964B5200D5DE3D /* UIImageEffects.h in Headers */ = {isa = PBXBuildFile; fileRef = E28BA9B21E964B5200D5DE3D /* UIImageEffects.h */; settings = {ATTRIBUTES = (Public, ); }; };
		E28BA9B51E964B5200D5DE3D /* UIImageEffects.m in Sources */ = {isa = PBXBuildFile; fileRef = E28BA9B31E964B5200D5DE3D /* UIImageEffects.m */; };
		E28BA9D41E964CB200D5DE3D /* AppDelegate.swift in Sources */ = {isa = PBXBuildFile; fileRef = E28BA9CD1E964CB200D5DE3D /* AppDelegate.swift */; };
		E28BA9D51E964CB200D5DE3D /* Assets.xcassets in Resources */ = {isa = PBXBuildFile; fileRef = E28BA9CE1E964CB200D5DE3D /* Assets.xcassets */; };
		E28BA9F41E964D4500D5DE3D /* Alerts.storyboard in Resources */ = {isa = PBXBuildFile; fileRef = E28BA9DC1E964D4500D5DE3D /* Alerts.storyboard */; };
		E28BA9F51E964D4500D5DE3D /* Carousel.storyboard in Resources */ = {isa = PBXBuildFile; fileRef = E28BA9DF1E964D4500D5DE3D /* Carousel.storyboard */; };
		E28BA9F61E964D4500D5DE3D /* SampleCarousel.plist in Resources */ = {isa = PBXBuildFile; fileRef = E28BA9E01E964D4500D5DE3D /* SampleCarousel.plist */; };
		E28BA9F71E964D4500D5DE3D /* Developer.storyboard in Resources */ = {isa = PBXBuildFile; fileRef = E28BA9E31E964D4500D5DE3D /* Developer.storyboard */; };
		E28BA9F81E964D4500D5DE3D /* Layout.storyboard in Resources */ = {isa = PBXBuildFile; fileRef = E28BA9E61E964D4500D5DE3D /* Layout.storyboard */; };
		E28BA9F91E964D4500D5DE3D /* Morph.storyboard in Resources */ = {isa = PBXBuildFile; fileRef = E28BA9E91E964D4500D5DE3D /* Morph.storyboard */; };
		E28BA9FA1E964D4500D5DE3D /* MorphTableViewController.swift in Sources */ = {isa = PBXBuildFile; fileRef = E28BA9EA1E964D4500D5DE3D /* MorphTableViewController.swift */; };
		E28BA9FB1E964D4500D5DE3D /* NibReplaceable.storyboard in Resources */ = {isa = PBXBuildFile; fileRef = E28BA9ED1E964D4500D5DE3D /* NibReplaceable.storyboard */; };
		E28BA9FC1E964D4500D5DE3D /* AvatarCellView.swift in Sources */ = {isa = PBXBuildFile; fileRef = E28BA9EF1E964D4500D5DE3D /* AvatarCellView.swift */; };
		E28BA9FD1E964D4500D5DE3D /* AvatarCellView.xib in Resources */ = {isa = PBXBuildFile; fileRef = E28BA9F01E964D4500D5DE3D /* AvatarCellView.xib */; };
		E28BA9FE1E964D4500D5DE3D /* Table.storyboard in Resources */ = {isa = PBXBuildFile; fileRef = E28BA9F31E964D4500D5DE3D /* Table.storyboard */; };
		E28BA9FF1E964D9500D5DE3D /* BFWControls.framework in Frameworks */ = {isa = PBXBuildFile; fileRef = E28BA9111E963F7800D5DE3D /* BFWControls.framework */; };
		E29569B0208EA44000E48077 /* NibTableViewCell.swift in Sources */ = {isa = PBXBuildFile; fileRef = E29569AF208EA44000E48077 /* NibTableViewCell.swift */; };
		E29643602104570D007598D3 /* UIStackView+Joined.swift in Sources */ = {isa = PBXBuildFile; fileRef = E296435F2104570D007598D3 /* UIStackView+Joined.swift */; };
		E29BD1192186BF7B000D3176 /* RoundedImageTableViewCell.swift in Sources */ = {isa = PBXBuildFile; fileRef = E29BD1162186BF7B000D3176 /* RoundedImageTableViewCell.swift */; };
		E29BD11A2186BF7B000D3176 /* RoundedImageTableViewCell.xib in Resources */ = {isa = PBXBuildFile; fileRef = E29BD1172186BF7B000D3176 /* RoundedImageTableViewCell.xib */; };
		E29BD11E2186C28A000D3176 /* CenteredTableViewCell.swift in Sources */ = {isa = PBXBuildFile; fileRef = E29BD11C2186C28A000D3176 /* CenteredTableViewCell.swift */; };
		E29BD11F2186C28A000D3176 /* CenteredTableViewCell.xib in Resources */ = {isa = PBXBuildFile; fileRef = E29BD11D2186C28A000D3176 /* CenteredTableViewCell.xib */; };
		E2A55F1D21ACBF7D00812DC6 /* RoundedImageView.swift in Sources */ = {isa = PBXBuildFile; fileRef = E29BD1182186BF7B000D3176 /* RoundedImageView.swift */; };
		E2A55F2121ACC6EF00812DC6 /* Image.xcassets in Resources */ = {isa = PBXBuildFile; fileRef = E2A55F1F21ACC69500812DC6 /* Image.xcassets */; };
		E2A87BCA1EFEA2F80069E41F /* Shadable.swift in Sources */ = {isa = PBXBuildFile; fileRef = E2A87BC91EFEA2F80069E41F /* Shadable.swift */; };
		E2B3E5841F26EA5C002539E6 /* ReplaceInNavigationSegue.swift in Sources */ = {isa = PBXBuildFile; fileRef = E2B3E5831F26EA5C002539E6 /* ReplaceInNavigationSegue.swift */; };
		E2BFE8F71F296CD900BAEC16 /* CustomTableViewCell.swift in Sources */ = {isa = PBXBuildFile; fileRef = E2BFE8F61F296CD900BAEC16 /* CustomTableViewCell.swift */; };
		E2D4D3D5205A4734004AE487 /* PushFirstSegue.swift in Sources */ = {isa = PBXBuildFile; fileRef = E2D4D3D4205A4734004AE487 /* PushFirstSegue.swift */; };
		E2D6C7B8204BC3C300144DF6 /* AvatarContentTableViewCell.swift in Sources */ = {isa = PBXBuildFile; fileRef = E2D6C7B7204BC3C300144DF6 /* AvatarContentTableViewCell.swift */; };
		E2DA04D81FEC953C00A2B602 /* DesignableTableViewCell.swift in Sources */ = {isa = PBXBuildFile; fileRef = E2DA04D71FEC953C00A2B602 /* DesignableTableViewCell.swift */; };
		E2E08F732157294700316653 /* UIView+Overlay.swift in Sources */ = {isa = PBXBuildFile; fileRef = E2E08F722157294700316653 /* UIView+Overlay.swift */; };
		E2E40F122091B7CF005D0AA5 /* AvatarTableViewCell.xib in Resources */ = {isa = PBXBuildFile; fileRef = E2E40F102091B7CF005D0AA5 /* AvatarTableViewCell.xib */; };
		E2E5CABD1F4323EA003E0054 /* TextLabelProvider.swift in Sources */ = {isa = PBXBuildFile; fileRef = E2E5CABC1F4323EA003E0054 /* TextLabelProvider.swift */; };
		E2EB09B01FE335EF001DC697 /* FullWidthImageView.swift in Sources */ = {isa = PBXBuildFile; fileRef = E2EB09AF1FE335EF001DC697 /* FullWidthImageView.swift */; };
		E2EB09C71FE4C61E001DC697 /* UISegmentedControl+Convenience.swift in Sources */ = {isa = PBXBuildFile; fileRef = E2EB09C61FE4C61E001DC697 /* UISegmentedControl+Convenience.swift */; };
		E2F1606320BE006800A54D6A /* BFWNibTableViewCell.h in Headers */ = {isa = PBXBuildFile; fileRef = E2F1606120BE006800A54D6A /* BFWNibTableViewCell.h */; settings = {ATTRIBUTES = (Public, ); }; };
		E2F1606420BE006800A54D6A /* BFWNibTableViewCell.m in Sources */ = {isa = PBXBuildFile; fileRef = E2F1606220BE006800A54D6A /* BFWNibTableViewCell.m */; };
		E2F5D918218EFF2400794394 /* AdjustableTableView.swift in Sources */ = {isa = PBXBuildFile; fileRef = E2F5D917218EFF2400794394 /* AdjustableTableView.swift */; };
		E2F5D91A218F015000794394 /* UITableView+Adjustable.swift in Sources */ = {isa = PBXBuildFile; fileRef = E2F5D919218F015000794394 /* UITableView+Adjustable.swift */; };
		E2F8CB3C2172EB5A00715750 /* UIView+Log.swift in Sources */ = {isa = PBXBuildFile; fileRef = E2F8CB3B2172EB5A00715750 /* UIView+Log.swift */; };
/* End PBXBuildFile section */

/* Begin PBXFileReference section */
		A11CF2291EEC2F4D00020C0C /* DynamicHeightCellViewController.swift */ = {isa = PBXFileReference; fileEncoding = 4; lastKnownFileType = sourcecode.swift; path = DynamicHeightCellViewController.swift; sourceTree = "<group>"; };
		A1BD33A11EEA2F9800D217F6 /* ExcludeCellDemoViewController.swift */ = {isa = PBXFileReference; fileEncoding = 4; lastKnownFileType = sourcecode.swift; path = ExcludeCellDemoViewController.swift; sourceTree = "<group>"; };
		A1BD33B81EEAC9A400D217F6 /* DynamicCellDemoViewController.swift */ = {isa = PBXFileReference; fileEncoding = 4; lastKnownFileType = sourcecode.swift; path = DynamicCellDemoViewController.swift; sourceTree = "<group>"; };
		A1EDD9B52105E8AE00A76119 /* BFWNibCollectionViewCell.h */ = {isa = PBXFileReference; lastKnownFileType = sourcecode.c.h; path = BFWNibCollectionViewCell.h; sourceTree = "<group>"; };
		A1EDD9B62105E8AE00A76119 /* BFWNibCollectionViewCell.m */ = {isa = PBXFileReference; lastKnownFileType = sourcecode.c.objc; path = BFWNibCollectionViewCell.m; sourceTree = "<group>"; };
		A1EDD9B92105EAAA00A76119 /* AvatarCollectionViewCell.swift */ = {isa = PBXFileReference; lastKnownFileType = sourcecode.swift; path = AvatarCollectionViewCell.swift; sourceTree = "<group>"; };
		A1EDD9BA2105EAAA00A76119 /* AvatarCollectionViewCell.xib */ = {isa = PBXFileReference; lastKnownFileType = file.xib; path = AvatarCollectionViewCell.xib; sourceTree = "<group>"; };
		E2037A99209815BB001E0BBA /* NSAttributedString+TextAttributes.swift */ = {isa = PBXFileReference; lastKnownFileType = sourcecode.swift; path = "NSAttributedString+TextAttributes.swift"; sourceTree = "<group>"; };
		E2037AA4209851F8001E0BBA /* UITableViewCell+Copy.swift */ = {isa = PBXFileReference; lastKnownFileType = sourcecode.swift; path = "UITableViewCell+Copy.swift"; sourceTree = "<group>"; };
		E207BCA91EADE577007BB14F /* UIImage+BFW.swift */ = {isa = PBXFileReference; fileEncoding = 4; lastKnownFileType = sourcecode.swift; path = "UIImage+BFW.swift"; sourceTree = "<group>"; };
		E212B38A20D8776600A5E677 /* InputValidator.swift */ = {isa = PBXFileReference; lastKnownFileType = sourcecode.swift; path = InputValidator.swift; sourceTree = "<group>"; };
		E21C687F21A52E4600BADF78 /* Icon.xcassets */ = {isa = PBXFileReference; lastKnownFileType = folder.assetcatalog; path = Icon.xcassets; sourceTree = "<group>"; };
		E220976F1F4185B500400079 /* NibCollectionViewCell.swift */ = {isa = PBXFileReference; lastKnownFileType = sourcecode.swift; path = NibCollectionViewCell.swift; sourceTree = "<group>"; };
		E22477E81ECBCAA7004A7802 /* Transition.storyboard */ = {isa = PBXFileReference; fileEncoding = 4; lastKnownFileType = file.storyboard; path = Transition.storyboard; sourceTree = "<group>"; };
		E22477E91ECBCAA7004A7802 /* TransitionViewController.swift */ = {isa = PBXFileReference; fileEncoding = 4; lastKnownFileType = sourcecode.swift; path = TransitionViewController.swift; sourceTree = "<group>"; };
		E226BD06209C3AD600652E86 /* NibReplaceable.swift */ = {isa = PBXFileReference; lastKnownFileType = sourcecode.swift; path = NibReplaceable.swift; sourceTree = "<group>"; };
		E22A98EB2107E52500572A85 /* UIViewController+SegmentedControl.swift */ = {isa = PBXFileReference; lastKnownFileType = sourcecode.swift; path = "UIViewController+SegmentedControl.swift"; sourceTree = "<group>"; };
		E22FD1B11EC564AD0043171C /* UIViewController+Dismiss.swift */ = {isa = PBXFileReference; fileEncoding = 4; lastKnownFileType = sourcecode.swift; path = "UIViewController+Dismiss.swift"; sourceTree = "<group>"; };
		E22FEA7221A2D69A000DB707 /* BackgroundNavigationController.swift */ = {isa = PBXFileReference; lastKnownFileType = sourcecode.swift; path = BackgroundNavigationController.swift; sourceTree = "<group>"; };
		E22FEA7421A2D6CA000DB707 /* BackgroundView.swift */ = {isa = PBXFileReference; lastKnownFileType = sourcecode.swift; path = BackgroundView.swift; sourceTree = "<group>"; };
		E22FEA7621A2D6E1000DB707 /* BackgroundView.xib */ = {isa = PBXFileReference; lastKnownFileType = file.xib; path = BackgroundView.xib; sourceTree = "<group>"; };
		E22FEA7921A2D7B5000DB707 /* Background.xcassets */ = {isa = PBXFileReference; lastKnownFileType = folder.assetcatalog; path = Background.xcassets; sourceTree = "<group>"; };
		E22FEA7B21A2DEFC000DB707 /* BackgroundTableView.swift */ = {isa = PBXFileReference; lastKnownFileType = sourcecode.swift; path = BackgroundTableView.swift; sourceTree = "<group>"; };
		E2320B2C1FDF6A49000E940E /* UITableViewCell+Separator.swift */ = {isa = PBXFileReference; lastKnownFileType = sourcecode.swift; path = "UITableViewCell+Separator.swift"; sourceTree = "<group>"; };
		E235410621A2EE7D00DB9DA2 /* NibButton.swift */ = {isa = PBXFileReference; lastKnownFileType = sourcecode.swift; path = NibButton.swift; sourceTree = "<group>"; };
		E235410821A2EFE600DB9DA2 /* TileButton.swift */ = {isa = PBXFileReference; lastKnownFileType = sourcecode.swift; path = TileButton.swift; sourceTree = "<group>"; };
		E235410A21A2F06000DB9DA2 /* TileButton.xib */ = {isa = PBXFileReference; lastKnownFileType = file.xib; path = TileButton.xib; sourceTree = "<group>"; };
		E235410C21A2F84900DB9DA2 /* BFWNibButton.h */ = {isa = PBXFileReference; lastKnownFileType = sourcecode.c.h; path = BFWNibButton.h; sourceTree = "<group>"; };
		E235410D21A2F84900DB9DA2 /* BFWNibButton.m */ = {isa = PBXFileReference; lastKnownFileType = sourcecode.c.objc; path = BFWNibButton.m; sourceTree = "<group>"; };
		E235411021A2FB7E00DB9DA2 /* UIButton+Copy.swift */ = {isa = PBXFileReference; lastKnownFileType = sourcecode.swift; path = "UIButton+Copy.swift"; sourceTree = "<group>"; };
		E2430DC52161D7DD00DE95AE /* HidingStackView.swift */ = {isa = PBXFileReference; lastKnownFileType = sourcecode.swift; path = HidingStackView.swift; sourceTree = "<group>"; };
		E24682201F24820B007285DB /* ShadableView.swift */ = {isa = PBXFileReference; lastKnownFileType = sourcecode.swift; path = ShadableView.swift; sourceTree = "<group>"; };
		E24D5CBE20FEAE4F00600102 /* NibContainerSegmentedControl.swift */ = {isa = PBXFileReference; lastKnownFileType = sourcecode.swift; path = NibContainerSegmentedControl.swift; sourceTree = "<group>"; };
		E24D5CC220FEB45200600102 /* UIView+UIImage.swift */ = {isa = PBXFileReference; lastKnownFileType = sourcecode.swift; path = "UIView+UIImage.swift"; sourceTree = "<group>"; };
		E24FFA1620D6255900A36699 /* UIViewController+Unwind.swift */ = {isa = PBXFileReference; lastKnownFileType = sourcecode.swift; path = "UIViewController+Unwind.swift"; sourceTree = "<group>"; };
		E24FFA1B20D7244A00A36699 /* UIApplication+Unwind.swift */ = {isa = PBXFileReference; lastKnownFileType = sourcecode.swift; path = "UIApplication+Unwind.swift"; sourceTree = "<group>"; };
		E26002B4217064C400F4BA98 /* IBLog.swift */ = {isa = PBXFileReference; lastKnownFileType = sourcecode.swift; path = IBLog.swift; sourceTree = "<group>"; };
		E26403812119CE4B00A4204C /* AdjustingTableViewController.swift */ = {isa = PBXFileReference; lastKnownFileType = sourcecode.swift; path = AdjustingTableViewController.swift; sourceTree = "<group>"; };
		E2640385211BB5B300A4204C /* ArcView.storyboard */ = {isa = PBXFileReference; lastKnownFileType = file.storyboard; path = ArcView.storyboard; sourceTree = "<group>"; };
		E264038F211CF4A900A4204C /* ArcTableViewCell.swift */ = {isa = PBXFileReference; lastKnownFileType = sourcecode.swift; path = ArcTableViewCell.swift; sourceTree = "<group>"; };
		E2640390211CF4A900A4204C /* ArcTableViewCell.xib */ = {isa = PBXFileReference; lastKnownFileType = file.xib; path = ArcTableViewCell.xib; sourceTree = "<group>"; };
		E26E1F961F9C34F90008BACB /* NibCellViewContainer.swift */ = {isa = PBXFileReference; lastKnownFileType = sourcecode.swift; path = NibCellViewContainer.swift; sourceTree = "<group>"; };
		E26EE11F210DCFC800E0781D /* ArcView.swift */ = {isa = PBXFileReference; fileEncoding = 4; lastKnownFileType = sourcecode.swift; path = ArcView.swift; sourceTree = "<group>"; };
		E288EEB921094DDD00887F29 /* UIView+Hierarchy.swift */ = {isa = PBXFileReference; lastKnownFileType = sourcecode.swift; path = "UIView+Hierarchy.swift"; sourceTree = "<group>"; };
		E288EEBB21094E6900887F29 /* UIView+NSLayoutConstraints.swift */ = {isa = PBXFileReference; lastKnownFileType = sourcecode.swift; path = "UIView+NSLayoutConstraints.swift"; sourceTree = "<group>"; };
		E28BA9111E963F7800D5DE3D /* BFWControls.framework */ = {isa = PBXFileReference; explicitFileType = wrapper.framework; includeInIndex = 0; path = BFWControls.framework; sourceTree = BUILT_PRODUCTS_DIR; };
		E28BA9141E963F7900D5DE3D /* BFWControls.h */ = {isa = PBXFileReference; lastKnownFileType = sourcecode.c.h; path = BFWControls.h; sourceTree = "<group>"; };
		E28BA9151E963F7900D5DE3D /* Info.plist */ = {isa = PBXFileReference; lastKnownFileType = text.plist.xml; path = Info.plist; sourceTree = "<group>"; };
		E28BA91F1E96402500D5DE3D /* AlertViewController.swift */ = {isa = PBXFileReference; fileEncoding = 4; lastKnownFileType = sourcecode.swift; path = AlertViewController.swift; sourceTree = "<group>"; };
		E28BA9211E96402500D5DE3D /* ActionSheetView.swift */ = {isa = PBXFileReference; fileEncoding = 4; lastKnownFileType = sourcecode.swift; path = ActionSheetView.swift; sourceTree = "<group>"; };
		E28BA9221E96402500D5DE3D /* ActionSheetView.xib */ = {isa = PBXFileReference; fileEncoding = 4; lastKnownFileType = file.xib; path = ActionSheetView.xib; sourceTree = "<group>"; };
		E28BA9231E96402500D5DE3D /* AlertView.swift */ = {isa = PBXFileReference; fileEncoding = 4; lastKnownFileType = sourcecode.swift; path = AlertView.swift; sourceTree = "<group>"; };
		E28BA9241E96402500D5DE3D /* AlertView.xib */ = {isa = PBXFileReference; fileEncoding = 4; lastKnownFileType = file.xib; path = AlertView.xib; sourceTree = "<group>"; };
		E28BA9251E96402500D5DE3D /* AlertViewOverlay.swift */ = {isa = PBXFileReference; fileEncoding = 4; lastKnownFileType = sourcecode.swift; path = AlertViewOverlay.swift; sourceTree = "<group>"; };
		E28BA9261E96402500D5DE3D /* AlertViewOverlay.xib */ = {isa = PBXFileReference; fileEncoding = 4; lastKnownFileType = file.xib; path = AlertViewOverlay.xib; sourceTree = "<group>"; };
		E28BA9271E96402500D5DE3D /* StaticAlertView.swift */ = {isa = PBXFileReference; fileEncoding = 4; lastKnownFileType = sourcecode.swift; path = StaticAlertView.swift; sourceTree = "<group>"; };
		E28BA9281E96402500D5DE3D /* StaticAlertView.xib */ = {isa = PBXFileReference; fileEncoding = 4; lastKnownFileType = file.xib; path = StaticAlertView.xib; sourceTree = "<group>"; };
		E28BA92C1E96402500D5DE3D /* Binding.swift */ = {isa = PBXFileReference; fileEncoding = 4; lastKnownFileType = sourcecode.swift; path = Binding.swift; sourceTree = "<group>"; };
		E28BA92F1E96402500D5DE3D /* BlurView.swift */ = {isa = PBXFileReference; fileEncoding = 4; lastKnownFileType = sourcecode.swift; path = BlurView.swift; sourceTree = "<group>"; };
		E28BA9341E96402500D5DE3D /* CarouselViewController.swift */ = {isa = PBXFileReference; fileEncoding = 4; lastKnownFileType = sourcecode.swift; path = CarouselViewController.swift; sourceTree = "<group>"; };
		E28BA9371E96402500D5DE3D /* DesignableButton.swift */ = {isa = PBXFileReference; fileEncoding = 4; lastKnownFileType = sourcecode.swift; path = DesignableButton.swift; sourceTree = "<group>"; };
		E28BA9381E96402500D5DE3D /* DesignableView.swift */ = {isa = PBXFileReference; fileEncoding = 4; lastKnownFileType = sourcecode.swift; path = DesignableView.swift; sourceTree = "<group>"; };
		E28BA93A1E96402500D5DE3D /* UIView+Transform.swift */ = {isa = PBXFileReference; fileEncoding = 4; lastKnownFileType = sourcecode.swift; path = "UIView+Transform.swift"; sourceTree = "<group>"; };
		E28BA93D1E96402500D5DE3D /* NSLayoutConstraintExtensions.swift */ = {isa = PBXFileReference; fileEncoding = 4; lastKnownFileType = sourcecode.swift; path = NSLayoutConstraintExtensions.swift; sourceTree = "<group>"; };
		E28BA93E1E96402500D5DE3D /* PileView.swift */ = {isa = PBXFileReference; fileEncoding = 4; lastKnownFileType = sourcecode.swift; path = PileView.swift; sourceTree = "<group>"; };
		E28BA9431E96402500D5DE3D /* BFWNibView.m */ = {isa = PBXFileReference; fileEncoding = 4; lastKnownFileType = sourcecode.c.objc; path = BFWNibView.m; sourceTree = "<group>"; };
		E28BA9441E96402500D5DE3D /* ImageNibCellView.swift */ = {isa = PBXFileReference; fileEncoding = 4; lastKnownFileType = sourcecode.swift; path = ImageNibCellView.swift; sourceTree = "<group>"; };
		E28BA9451E96402500D5DE3D /* NibContainerButton.swift */ = {isa = PBXFileReference; fileEncoding = 4; lastKnownFileType = sourcecode.swift; path = NibContainerButton.swift; sourceTree = "<group>"; };
		E28BA9461E96402500D5DE3D /* NibCellView.swift */ = {isa = PBXFileReference; fileEncoding = 4; lastKnownFileType = sourcecode.swift; path = NibCellView.swift; sourceTree = "<group>"; };
		E28BA9481E96402500D5DE3D /* NibContentTableViewCell.swift */ = {isa = PBXFileReference; fileEncoding = 4; lastKnownFileType = sourcecode.swift; path = NibContentTableViewCell.swift; sourceTree = "<group>"; };
		E28BA9491E96402500D5DE3D /* NibTableViewHeaderFooterView.swift */ = {isa = PBXFileReference; fileEncoding = 4; lastKnownFileType = sourcecode.swift; path = NibTableViewHeaderFooterView.swift; sourceTree = "<group>"; };
		E28BA94A1E96402500D5DE3D /* NibTextField.swift */ = {isa = PBXFileReference; fileEncoding = 4; lastKnownFileType = sourcecode.swift; path = NibTextField.swift; sourceTree = "<group>"; };
		E28BA94B1E96402500D5DE3D /* NibView.swift */ = {isa = PBXFileReference; fileEncoding = 4; lastKnownFileType = sourcecode.swift; path = NibView.swift; sourceTree = "<group>"; };
		E28BA94C1E96402500D5DE3D /* StatusTextField.swift */ = {isa = PBXFileReference; fileEncoding = 4; lastKnownFileType = sourcecode.swift; path = StatusTextField.swift; sourceTree = "<group>"; };
		E28BA94D1E96402500D5DE3D /* StatusTextFieldNibView.swift */ = {isa = PBXFileReference; fileEncoding = 4; lastKnownFileType = sourcecode.swift; path = StatusTextFieldNibView.swift; sourceTree = "<group>"; };
		E28BA94F1E96402500D5DE3D /* UIView+Copy.swift */ = {isa = PBXFileReference; fileEncoding = 4; lastKnownFileType = sourcecode.swift; path = "UIView+Copy.swift"; sourceTree = "<group>"; };
		E28BA9531E96402500D5DE3D /* Dictionary+StyledText.swift */ = {isa = PBXFileReference; fileEncoding = 4; lastKnownFileType = sourcecode.swift; path = "Dictionary+StyledText.swift"; sourceTree = "<group>"; };
		E28BA9541E96402500D5DE3D /* TextAttributes.swift */ = {isa = PBXFileReference; fileEncoding = 4; lastKnownFileType = sourcecode.swift; path = TextAttributes.swift; sourceTree = "<group>"; };
		E28BA9561E96402500D5DE3D /* StyledText.swift */ = {isa = PBXFileReference; fileEncoding = 4; lastKnownFileType = sourcecode.swift; path = StyledText.swift; sourceTree = "<group>"; };
		E28BA9591E96402500D5DE3D /* StaticTableViewController.swift */ = {isa = PBXFileReference; fileEncoding = 4; lastKnownFileType = sourcecode.swift; path = StaticTableViewController.swift; sourceTree = "<group>"; };
		E28BA95B1E96402500D5DE3D /* UIView+Table.swift */ = {isa = PBXFileReference; fileEncoding = 4; lastKnownFileType = sourcecode.swift; path = "UIView+Table.swift"; sourceTree = "<group>"; };
		E28BA95E1E96402500D5DE3D /* AutoNextViewController.swift */ = {isa = PBXFileReference; fileEncoding = 4; lastKnownFileType = sourcecode.swift; path = AutoNextViewController.swift; sourceTree = "<group>"; };
		E28BA95F1E96402500D5DE3D /* SegueHandlerType.swift */ = {isa = PBXFileReference; fileEncoding = 4; lastKnownFileType = sourcecode.swift; path = SegueHandlerType.swift; sourceTree = "<group>"; };
		E28BA9611E96402500D5DE3D /* DismissAndPresentSegue.swift */ = {isa = PBXFileReference; fileEncoding = 4; lastKnownFileType = sourcecode.swift; path = DismissAndPresentSegue.swift; sourceTree = "<group>"; };
		E28BA9621E96402500D5DE3D /* DismissAndPushSegue.swift */ = {isa = PBXFileReference; fileEncoding = 4; lastKnownFileType = sourcecode.swift; path = DismissAndPushSegue.swift; sourceTree = "<group>"; };
		E28BA9631E96402500D5DE3D /* MorphSegue.swift */ = {isa = PBXFileReference; fileEncoding = 4; lastKnownFileType = sourcecode.swift; path = MorphSegue.swift; sourceTree = "<group>"; };
		E28BA9641E96402500D5DE3D /* OpenURLSegue.swift */ = {isa = PBXFileReference; fileEncoding = 4; lastKnownFileType = sourcecode.swift; path = OpenURLSegue.swift; sourceTree = "<group>"; };
		E28BA9651E96402500D5DE3D /* TranslationAnimationController.swift */ = {isa = PBXFileReference; fileEncoding = 4; lastKnownFileType = sourcecode.swift; path = TranslationAnimationController.swift; sourceTree = "<group>"; };
		E28BA9661E96402500D5DE3D /* TranslationNavigationDelegate.swift */ = {isa = PBXFileReference; fileEncoding = 4; lastKnownFileType = sourcecode.swift; path = TranslationNavigationDelegate.swift; sourceTree = "<group>"; };
		E28BA9671E96402500D5DE3D /* TranslationTransitioningController.swift */ = {isa = PBXFileReference; fileEncoding = 4; lastKnownFileType = sourcecode.swift; path = TranslationTransitioningController.swift; sourceTree = "<group>"; };
		E28BA9681E96402500D5DE3D /* UIViewController+Segue.swift */ = {isa = PBXFileReference; fileEncoding = 4; lastKnownFileType = sourcecode.swift; path = "UIViewController+Segue.swift"; sourceTree = "<group>"; };
		E28BA9691E96402500D5DE3D /* UIViewMorphExtensions.swift */ = {isa = PBXFileReference; fileEncoding = 4; lastKnownFileType = sourcecode.swift; path = UIViewMorphExtensions.swift; sourceTree = "<group>"; };
		E28BA96C1E96402500D5DE3D /* DefaultsHandlerType.swift */ = {isa = PBXFileReference; fileEncoding = 4; lastKnownFileType = sourcecode.swift; path = DefaultsHandlerType.swift; sourceTree = "<group>"; };
		E28BA9A61E96457100D5DE3D /* BFWNibView.h */ = {isa = PBXFileReference; fileEncoding = 4; lastKnownFileType = sourcecode.c.h; path = BFWNibView.h; sourceTree = "<group>"; };
		E28BA9AD1E964A8300D5DE3D /* CoreImage.framework */ = {isa = PBXFileReference; lastKnownFileType = wrapper.framework; name = CoreImage.framework; path = System/Library/Frameworks/CoreImage.framework; sourceTree = SDKROOT; };
		E28BA9B21E964B5200D5DE3D /* UIImageEffects.h */ = {isa = PBXFileReference; fileEncoding = 4; lastKnownFileType = sourcecode.c.h; path = UIImageEffects.h; sourceTree = "<group>"; };
		E28BA9B31E964B5200D5DE3D /* UIImageEffects.m */ = {isa = PBXFileReference; fileEncoding = 4; lastKnownFileType = sourcecode.c.objc; path = UIImageEffects.m; sourceTree = "<group>"; };
		E28BA9BA1E964BED00D5DE3D /* BFWControls Demo.app */ = {isa = PBXFileReference; explicitFileType = wrapper.application; includeInIndex = 0; path = "BFWControls Demo.app"; sourceTree = BUILT_PRODUCTS_DIR; };
		E28BA9CD1E964CB200D5DE3D /* AppDelegate.swift */ = {isa = PBXFileReference; fileEncoding = 4; lastKnownFileType = sourcecode.swift; path = AppDelegate.swift; sourceTree = "<group>"; };
		E28BA9CE1E964CB200D5DE3D /* Assets.xcassets */ = {isa = PBXFileReference; lastKnownFileType = folder.assetcatalog; path = Assets.xcassets; sourceTree = "<group>"; };
		E28BA9D31E964CB200D5DE3D /* Info.plist */ = {isa = PBXFileReference; fileEncoding = 4; lastKnownFileType = text.plist.xml; path = Info.plist; sourceTree = "<group>"; };
		E28BA9DC1E964D4500D5DE3D /* Alerts.storyboard */ = {isa = PBXFileReference; fileEncoding = 4; lastKnownFileType = file.storyboard; path = Alerts.storyboard; sourceTree = "<group>"; };
		E28BA9DF1E964D4500D5DE3D /* Carousel.storyboard */ = {isa = PBXFileReference; fileEncoding = 4; lastKnownFileType = file.storyboard; path = Carousel.storyboard; sourceTree = "<group>"; };
		E28BA9E01E964D4500D5DE3D /* SampleCarousel.plist */ = {isa = PBXFileReference; fileEncoding = 4; lastKnownFileType = text.plist.xml; path = SampleCarousel.plist; sourceTree = "<group>"; };
		E28BA9E31E964D4500D5DE3D /* Developer.storyboard */ = {isa = PBXFileReference; fileEncoding = 4; lastKnownFileType = file.storyboard; path = Developer.storyboard; sourceTree = "<group>"; };
		E28BA9E61E964D4500D5DE3D /* Layout.storyboard */ = {isa = PBXFileReference; fileEncoding = 4; lastKnownFileType = file.storyboard; path = Layout.storyboard; sourceTree = "<group>"; };
		E28BA9E91E964D4500D5DE3D /* Morph.storyboard */ = {isa = PBXFileReference; fileEncoding = 4; lastKnownFileType = file.storyboard; path = Morph.storyboard; sourceTree = "<group>"; };
		E28BA9EA1E964D4500D5DE3D /* MorphTableViewController.swift */ = {isa = PBXFileReference; fileEncoding = 4; lastKnownFileType = sourcecode.swift; path = MorphTableViewController.swift; sourceTree = "<group>"; };
		E28BA9ED1E964D4500D5DE3D /* NibReplaceable.storyboard */ = {isa = PBXFileReference; fileEncoding = 4; lastKnownFileType = file.storyboard; path = NibReplaceable.storyboard; sourceTree = "<group>"; };
		E28BA9EF1E964D4500D5DE3D /* AvatarCellView.swift */ = {isa = PBXFileReference; fileEncoding = 4; lastKnownFileType = sourcecode.swift; path = AvatarCellView.swift; sourceTree = "<group>"; };
		E28BA9F01E964D4500D5DE3D /* AvatarCellView.xib */ = {isa = PBXFileReference; fileEncoding = 4; lastKnownFileType = file.xib; path = AvatarCellView.xib; sourceTree = "<group>"; };
		E28BA9F31E964D4500D5DE3D /* Table.storyboard */ = {isa = PBXFileReference; fileEncoding = 4; lastKnownFileType = file.storyboard; path = Table.storyboard; sourceTree = "<group>"; };
		E29569AF208EA44000E48077 /* NibTableViewCell.swift */ = {isa = PBXFileReference; lastKnownFileType = sourcecode.swift; path = NibTableViewCell.swift; sourceTree = "<group>"; };
		E296435F2104570D007598D3 /* UIStackView+Joined.swift */ = {isa = PBXFileReference; lastKnownFileType = sourcecode.swift; path = "UIStackView+Joined.swift"; sourceTree = "<group>"; };
		E29BD1162186BF7B000D3176 /* RoundedImageTableViewCell.swift */ = {isa = PBXFileReference; fileEncoding = 4; lastKnownFileType = sourcecode.swift; path = RoundedImageTableViewCell.swift; sourceTree = "<group>"; };
		E29BD1172186BF7B000D3176 /* RoundedImageTableViewCell.xib */ = {isa = PBXFileReference; fileEncoding = 4; lastKnownFileType = file.xib; path = RoundedImageTableViewCell.xib; sourceTree = "<group>"; };
		E29BD1182186BF7B000D3176 /* RoundedImageView.swift */ = {isa = PBXFileReference; fileEncoding = 4; lastKnownFileType = sourcecode.swift; path = RoundedImageView.swift; sourceTree = "<group>"; };
		E29BD11C2186C28A000D3176 /* CenteredTableViewCell.swift */ = {isa = PBXFileReference; lastKnownFileType = sourcecode.swift; path = CenteredTableViewCell.swift; sourceTree = "<group>"; };
		E29BD11D2186C28A000D3176 /* CenteredTableViewCell.xib */ = {isa = PBXFileReference; lastKnownFileType = file.xib; path = CenteredTableViewCell.xib; sourceTree = "<group>"; };
		E2A55F1F21ACC69500812DC6 /* Image.xcassets */ = {isa = PBXFileReference; lastKnownFileType = folder.assetcatalog; path = Image.xcassets; sourceTree = "<group>"; };
		E2A87BC91EFEA2F80069E41F /* Shadable.swift */ = {isa = PBXFileReference; fileEncoding = 4; lastKnownFileType = sourcecode.swift; path = Shadable.swift; sourceTree = "<group>"; };
		E2B3E5831F26EA5C002539E6 /* ReplaceInNavigationSegue.swift */ = {isa = PBXFileReference; fileEncoding = 4; lastKnownFileType = sourcecode.swift; path = ReplaceInNavigationSegue.swift; sourceTree = "<group>"; };
		E2BFE8F61F296CD900BAEC16 /* CustomTableViewCell.swift */ = {isa = PBXFileReference; lastKnownFileType = sourcecode.swift; path = CustomTableViewCell.swift; sourceTree = "<group>"; };
		E2D4D3D4205A4734004AE487 /* PushFirstSegue.swift */ = {isa = PBXFileReference; lastKnownFileType = sourcecode.swift; path = PushFirstSegue.swift; sourceTree = "<group>"; };
		E2D6C7B7204BC3C300144DF6 /* AvatarContentTableViewCell.swift */ = {isa = PBXFileReference; lastKnownFileType = sourcecode.swift; path = AvatarContentTableViewCell.swift; sourceTree = "<group>"; };
		E2DA04D71FEC953C00A2B602 /* DesignableTableViewCell.swift */ = {isa = PBXFileReference; lastKnownFileType = sourcecode.swift; path = DesignableTableViewCell.swift; sourceTree = "<group>"; };
		E2E08F722157294700316653 /* UIView+Overlay.swift */ = {isa = PBXFileReference; lastKnownFileType = sourcecode.swift; path = "UIView+Overlay.swift"; sourceTree = "<group>"; };
		E2E40F0F2091B7CF005D0AA5 /* AvatarTableViewCell.swift */ = {isa = PBXFileReference; lastKnownFileType = sourcecode.swift; path = AvatarTableViewCell.swift; sourceTree = "<group>"; };
		E2E40F102091B7CF005D0AA5 /* AvatarTableViewCell.xib */ = {isa = PBXFileReference; lastKnownFileType = file.xib; path = AvatarTableViewCell.xib; sourceTree = "<group>"; };
		E2E5CABC1F4323EA003E0054 /* TextLabelProvider.swift */ = {isa = PBXFileReference; lastKnownFileType = sourcecode.swift; path = TextLabelProvider.swift; sourceTree = "<group>"; };
		E2EB09AF1FE335EF001DC697 /* FullWidthImageView.swift */ = {isa = PBXFileReference; fileEncoding = 4; lastKnownFileType = sourcecode.swift; path = FullWidthImageView.swift; sourceTree = "<group>"; };
		E2EB09C61FE4C61E001DC697 /* UISegmentedControl+Convenience.swift */ = {isa = PBXFileReference; lastKnownFileType = sourcecode.swift; path = "UISegmentedControl+Convenience.swift"; sourceTree = "<group>"; };
		E2F1606120BE006800A54D6A /* BFWNibTableViewCell.h */ = {isa = PBXFileReference; lastKnownFileType = sourcecode.c.h; path = BFWNibTableViewCell.h; sourceTree = "<group>"; };
		E2F1606220BE006800A54D6A /* BFWNibTableViewCell.m */ = {isa = PBXFileReference; lastKnownFileType = sourcecode.c.objc; path = BFWNibTableViewCell.m; sourceTree = "<group>"; };
		E2F5D917218EFF2400794394 /* AdjustableTableView.swift */ = {isa = PBXFileReference; lastKnownFileType = sourcecode.swift; path = AdjustableTableView.swift; sourceTree = "<group>"; };
		E2F5D919218F015000794394 /* UITableView+Adjustable.swift */ = {isa = PBXFileReference; lastKnownFileType = sourcecode.swift; path = "UITableView+Adjustable.swift"; sourceTree = "<group>"; };
		E2F8CB3B2172EB5A00715750 /* UIView+Log.swift */ = {isa = PBXFileReference; lastKnownFileType = sourcecode.swift; path = "UIView+Log.swift"; sourceTree = "<group>"; };
/* End PBXFileReference section */

/* Begin PBXFrameworksBuildPhase section */
		E28BA90D1E963F7800D5DE3D /* Frameworks */ = {
			isa = PBXFrameworksBuildPhase;
			buildActionMask = 2147483647;
			files = (
			);
			runOnlyForDeploymentPostprocessing = 0;
		};
		E28BA9B71E964BED00D5DE3D /* Frameworks */ = {
			isa = PBXFrameworksBuildPhase;
			buildActionMask = 2147483647;
			files = (
				E28BA9FF1E964D9500D5DE3D /* BFWControls.framework in Frameworks */,
			);
			runOnlyForDeploymentPostprocessing = 0;
		};
/* End PBXFrameworksBuildPhase section */

/* Begin PBXGroup section */
		E212B38820D8773000A5E677 /* Validation */ = {
			isa = PBXGroup;
			children = (
				E212B38920D8774900A5E677 /* Model */,
			);
			path = Validation;
			sourceTree = "<group>";
		};
		E212B38920D8774900A5E677 /* Model */ = {
			isa = PBXGroup;
			children = (
				E212B38A20D8776600A5E677 /* InputValidator.swift */,
			);
			path = Model;
			sourceTree = "<group>";
		};
		E22477E61ECBCAA7004A7802 /* Transition */ = {
			isa = PBXGroup;
			children = (
				E22477E71ECBCAA7004A7802 /* Controller */,
			);
			path = Transition;
			sourceTree = "<group>";
		};
		E22477E71ECBCAA7004A7802 /* Controller */ = {
			isa = PBXGroup;
			children = (
				E22477E81ECBCAA7004A7802 /* Transition.storyboard */,
				E22477E91ECBCAA7004A7802 /* TransitionViewController.swift */,
			);
			path = Controller;
			sourceTree = "<group>";
		};
		E22FEA7821A2D786000DB707 /* Model */ = {
			isa = PBXGroup;
			children = (
				E22FEA7921A2D7B5000DB707 /* Background.xcassets */,
				E21C687F21A52E4600BADF78 /* Icon.xcassets */,
			);
			path = Model;
			sourceTree = "<group>";
		};
		E26002B22170649300F4BA98 /* IBLog */ = {
			isa = PBXGroup;
			children = (
				E26002B3217064AC00F4BA98 /* Model */,
				E2F8CB3A2172EB3D00715750 /* View */,
			);
			path = IBLog;
			sourceTree = "<group>";
		};
		E26002B3217064AC00F4BA98 /* Model */ = {
			isa = PBXGroup;
			children = (
				E26002B4217064C400F4BA98 /* IBLog.swift */,
			);
			path = Model;
			sourceTree = "<group>";
		};
		E2640383211BB57700A4204C /* ArcView */ = {
			isa = PBXGroup;
			children = (
				E2640384211BB58C00A4204C /* Controller */,
				E264038E211CF48300A4204C /* View */,
			);
			path = ArcView;
			sourceTree = "<group>";
		};
		E2640384211BB58C00A4204C /* Controller */ = {
			isa = PBXGroup;
			children = (
				E2640385211BB5B300A4204C /* ArcView.storyboard */,
			);
			path = Controller;
			sourceTree = "<group>";
		};
		E264038E211CF48300A4204C /* View */ = {
			isa = PBXGroup;
			children = (
				E264038F211CF4A900A4204C /* ArcTableViewCell.swift */,
				E2640390211CF4A900A4204C /* ArcTableViewCell.xib */,
			);
			path = View;
			sourceTree = "<group>";
		};
		E26EE11D210DCFC800E0781D /* Animation */ = {
			isa = PBXGroup;
			children = (
				E26EE11E210DCFC800E0781D /* View */,
			);
			path = Animation;
			sourceTree = "<group>";
		};
		E26EE11E210DCFC800E0781D /* View */ = {
			isa = PBXGroup;
			children = (
				E26EE11F210DCFC800E0781D /* ArcView.swift */,
			);
			path = View;
			sourceTree = "<group>";
		};
		E28BA9071E963F7800D5DE3D = {
			isa = PBXGroup;
			children = (
				E28BA9131E963F7800D5DE3D /* BFWControls */,
				E28BA9BB1E964BED00D5DE3D /* BFWControls Demo */,
				E28BA9121E963F7800D5DE3D /* Products */,
			);
			sourceTree = "<group>";
		};
		E28BA9121E963F7800D5DE3D /* Products */ = {
			isa = PBXGroup;
			children = (
				E28BA9111E963F7800D5DE3D /* BFWControls.framework */,
				E28BA9BA1E964BED00D5DE3D /* BFWControls Demo.app */,
			);
			name = Products;
			sourceTree = "<group>";
		};
		E28BA9131E963F7800D5DE3D /* BFWControls */ = {
			isa = PBXGroup;
			children = (
				E28BA9141E963F7900D5DE3D /* BFWControls.h */,
				E28BA9151E963F7900D5DE3D /* Info.plist */,
				E28BA91C1E96402500D5DE3D /* Modules */,
				E28BA9AF1E964B5200D5DE3D /* Submodules */,
				E28BA9AC1E964A8300D5DE3D /* Frameworks */,
			);
			path = BFWControls;
			sourceTree = "<group>";
		};
		E28BA91C1E96402500D5DE3D /* Modules */ = {
			isa = PBXGroup;
			children = (
				E28BA91D1E96402500D5DE3D /* Alert */,
				E26EE11D210DCFC800E0781D /* Animation */,
				E28BA92A1E96402500D5DE3D /* Binding */,
				E28BA92D1E96402500D5DE3D /* Blur */,
				E28BA9321E96402500D5DE3D /* Carousel */,
				E2EB09C41FE4C5D1001DC697 /* Controls */,
				E26002B22170649300F4BA98 /* IBLog */,
				E28BA9351E96402500D5DE3D /* Layer */,
				E28BA93B1E96402500D5DE3D /* Layout */,
				E28BA9401E96402500D5DE3D /* NibReplaceable */,
				E2E08F702157292200316653 /* Overlay */,
				E2A87BC71EFEA2940069E41F /* Shadable */,
				E28BA9511E96402500D5DE3D /* Styled */,
				E28BA9571E96402500D5DE3D /* Table */,
				E28BA95C1E96402500D5DE3D /* Transition */,
				E28BA96A1E96402500D5DE3D /* UserDefaults */,
				E212B38820D8773000A5E677 /* Validation */,
			);
			path = Modules;
			sourceTree = "<group>";
		};
		E28BA91D1E96402500D5DE3D /* Alert */ = {
			isa = PBXGroup;
			children = (
				E28BA91E1E96402500D5DE3D /* Controller */,
				E28BA9201E96402500D5DE3D /* View */,
			);
			path = Alert;
			sourceTree = "<group>";
		};
		E28BA91E1E96402500D5DE3D /* Controller */ = {
			isa = PBXGroup;
			children = (
				E28BA91F1E96402500D5DE3D /* AlertViewController.swift */,
			);
			path = Controller;
			sourceTree = "<group>";
		};
		E28BA9201E96402500D5DE3D /* View */ = {
			isa = PBXGroup;
			children = (
				E28BA9211E96402500D5DE3D /* ActionSheetView.swift */,
				E28BA9221E96402500D5DE3D /* ActionSheetView.xib */,
				E28BA9231E96402500D5DE3D /* AlertView.swift */,
				E28BA9241E96402500D5DE3D /* AlertView.xib */,
				E28BA9251E96402500D5DE3D /* AlertViewOverlay.swift */,
				E28BA9261E96402500D5DE3D /* AlertViewOverlay.xib */,
				E28BA9271E96402500D5DE3D /* StaticAlertView.swift */,
				E28BA9281E96402500D5DE3D /* StaticAlertView.xib */,
			);
			path = View;
			sourceTree = "<group>";
		};
		E28BA92A1E96402500D5DE3D /* Binding */ = {
			isa = PBXGroup;
			children = (
				E28BA92B1E96402500D5DE3D /* Controller */,
			);
			path = Binding;
			sourceTree = "<group>";
		};
		E28BA92B1E96402500D5DE3D /* Controller */ = {
			isa = PBXGroup;
			children = (
				E28BA92C1E96402500D5DE3D /* Binding.swift */,
			);
			path = Controller;
			sourceTree = "<group>";
		};
		E28BA92D1E96402500D5DE3D /* Blur */ = {
			isa = PBXGroup;
			children = (
				E28BA92E1E96402500D5DE3D /* View */,
			);
			path = Blur;
			sourceTree = "<group>";
		};
		E28BA92E1E96402500D5DE3D /* View */ = {
			isa = PBXGroup;
			children = (
				E28BA92F1E96402500D5DE3D /* BlurView.swift */,
				E207BCA91EADE577007BB14F /* UIImage+BFW.swift */,
			);
			path = View;
			sourceTree = "<group>";
		};
		E28BA9321E96402500D5DE3D /* Carousel */ = {
			isa = PBXGroup;
			children = (
				E28BA9331E96402500D5DE3D /* Controller */,
			);
			path = Carousel;
			sourceTree = "<group>";
		};
		E28BA9331E96402500D5DE3D /* Controller */ = {
			isa = PBXGroup;
			children = (
				E28BA9341E96402500D5DE3D /* CarouselViewController.swift */,
			);
			path = Controller;
			sourceTree = "<group>";
		};
		E28BA9351E96402500D5DE3D /* Layer */ = {
			isa = PBXGroup;
			children = (
				E28BA9361E96402500D5DE3D /* View */,
			);
			path = Layer;
			sourceTree = "<group>";
		};
		E28BA9361E96402500D5DE3D /* View */ = {
			isa = PBXGroup;
			children = (
				E28BA9371E96402500D5DE3D /* DesignableButton.swift */,
				E28BA9381E96402500D5DE3D /* DesignableView.swift */,
				E29BD1182186BF7B000D3176 /* RoundedImageView.swift */,
				E28BA93A1E96402500D5DE3D /* UIView+Transform.swift */,
			);
			path = View;
			sourceTree = "<group>";
		};
		E28BA93B1E96402500D5DE3D /* Layout */ = {
			isa = PBXGroup;
			children = (
				E28BA93C1E96402500D5DE3D /* View */,
			);
			path = Layout;
			sourceTree = "<group>";
		};
		E28BA93C1E96402500D5DE3D /* View */ = {
			isa = PBXGroup;
			children = (
				E2430DC52161D7DD00DE95AE /* HidingStackView.swift */,
				E28BA93D1E96402500D5DE3D /* NSLayoutConstraintExtensions.swift */,
				E28BA93E1E96402500D5DE3D /* PileView.swift */,
				E288EEB921094DDD00887F29 /* UIView+Hierarchy.swift */,
				E288EEBB21094E6900887F29 /* UIView+NSLayoutConstraints.swift */,
			);
			path = View;
			sourceTree = "<group>";
		};
		E28BA9401E96402500D5DE3D /* NibReplaceable */ = {
			isa = PBXGroup;
			children = (
				E2A55F1E21ACC66300812DC6 /* Resource */,
				E28BA9411E96402500D5DE3D /* View */,
			);
			path = NibReplaceable;
			sourceTree = "<group>";
		};
		E28BA9411E96402500D5DE3D /* View */ = {
			isa = PBXGroup;
			children = (
				E235410C21A2F84900DB9DA2 /* BFWNibButton.h */,
				E235410D21A2F84900DB9DA2 /* BFWNibButton.m */,
				A1EDD9B52105E8AE00A76119 /* BFWNibCollectionViewCell.h */,
				A1EDD9B62105E8AE00A76119 /* BFWNibCollectionViewCell.m */,
				E2F1606120BE006800A54D6A /* BFWNibTableViewCell.h */,
				E2F1606220BE006800A54D6A /* BFWNibTableViewCell.m */,
				E28BA9A61E96457100D5DE3D /* BFWNibView.h */,
				E28BA9431E96402500D5DE3D /* BFWNibView.m */,
				E28BA9441E96402500D5DE3D /* ImageNibCellView.swift */,
				E235410621A2EE7D00DB9DA2 /* NibButton.swift */,
				E28BA9461E96402500D5DE3D /* NibCellView.swift */,
				E26E1F961F9C34F90008BACB /* NibCellViewContainer.swift */,
				E220976F1F4185B500400079 /* NibCollectionViewCell.swift */,
				E28BA9451E96402500D5DE3D /* NibContainerButton.swift */,
				E24D5CBE20FEAE4F00600102 /* NibContainerSegmentedControl.swift */,
				E28BA9481E96402500D5DE3D /* NibContentTableViewCell.swift */,
				E226BD06209C3AD600652E86 /* NibReplaceable.swift */,
				E29569AF208EA44000E48077 /* NibTableViewCell.swift */,
				E28BA9491E96402500D5DE3D /* NibTableViewHeaderFooterView.swift */,
				E28BA94A1E96402500D5DE3D /* NibTextField.swift */,
				E28BA94B1E96402500D5DE3D /* NibView.swift */,
				E28BA94C1E96402500D5DE3D /* StatusTextField.swift */,
				E28BA94D1E96402500D5DE3D /* StatusTextFieldNibView.swift */,
				E2E5CABC1F4323EA003E0054 /* TextLabelProvider.swift */,
				E235411021A2FB7E00DB9DA2 /* UIButton+Copy.swift */,
				E296435F2104570D007598D3 /* UIStackView+Joined.swift */,
				E2037AA4209851F8001E0BBA /* UITableViewCell+Copy.swift */,
				E28BA94F1E96402500D5DE3D /* UIView+Copy.swift */,
				E24D5CC220FEB45200600102 /* UIView+UIImage.swift */,
			);
			path = View;
			sourceTree = "<group>";
		};
		E28BA9511E96402500D5DE3D /* Styled */ = {
			isa = PBXGroup;
			children = (
				E28BA9521E96402500D5DE3D /* Model */,
				E28BA9551E96402500D5DE3D /* View */,
			);
			path = Styled;
			sourceTree = "<group>";
		};
		E28BA9521E96402500D5DE3D /* Model */ = {
			isa = PBXGroup;
			children = (
				E28BA9531E96402500D5DE3D /* Dictionary+StyledText.swift */,
				E2037A99209815BB001E0BBA /* NSAttributedString+TextAttributes.swift */,
				E28BA9541E96402500D5DE3D /* TextAttributes.swift */,
			);
			path = Model;
			sourceTree = "<group>";
		};
		E28BA9551E96402500D5DE3D /* View */ = {
			isa = PBXGroup;
			children = (
				E28BA9561E96402500D5DE3D /* StyledText.swift */,
			);
			path = View;
			sourceTree = "<group>";
		};
		E28BA9571E96402500D5DE3D /* Table */ = {
			isa = PBXGroup;
			children = (
				E28BA9581E96402500D5DE3D /* Controller */,
				E28BA95A1E96402500D5DE3D /* View */,
			);
			path = Table;
			sourceTree = "<group>";
		};
		E28BA9581E96402500D5DE3D /* Controller */ = {
			isa = PBXGroup;
			children = (
				E26403812119CE4B00A4204C /* AdjustingTableViewController.swift */,
				E28BA9591E96402500D5DE3D /* StaticTableViewController.swift */,
			);
			path = Controller;
			sourceTree = "<group>";
		};
		E28BA95A1E96402500D5DE3D /* View */ = {
			isa = PBXGroup;
			children = (
				E2F5D917218EFF2400794394 /* AdjustableTableView.swift */,
				E2BFE8F61F296CD900BAEC16 /* CustomTableViewCell.swift */,
				E2DA04D71FEC953C00A2B602 /* DesignableTableViewCell.swift */,
				E2EB09AF1FE335EF001DC697 /* FullWidthImageView.swift */,
				E2320B2C1FDF6A49000E940E /* UITableViewCell+Separator.swift */,
				E28BA95B1E96402500D5DE3D /* UIView+Table.swift */,
				E2F5D919218F015000794394 /* UITableView+Adjustable.swift */,
			);
			path = View;
			sourceTree = "<group>";
		};
		E28BA95C1E96402500D5DE3D /* Transition */ = {
			isa = PBXGroup;
			children = (
				E28BA95D1E96402500D5DE3D /* Controller */,
				E28BA9601E96402500D5DE3D /* View */,
			);
			path = Transition;
			sourceTree = "<group>";
		};
		E28BA95D1E96402500D5DE3D /* Controller */ = {
			isa = PBXGroup;
			children = (
				E28BA95E1E96402500D5DE3D /* AutoNextViewController.swift */,
				E28BA95F1E96402500D5DE3D /* SegueHandlerType.swift */,
				E24FFA1B20D7244A00A36699 /* UIApplication+Unwind.swift */,
				E22A98EB2107E52500572A85 /* UIViewController+SegmentedControl.swift */,
				E24FFA1620D6255900A36699 /* UIViewController+Unwind.swift */,
			);
			path = Controller;
			sourceTree = "<group>";
		};
		E28BA9601E96402500D5DE3D /* View */ = {
			isa = PBXGroup;
			children = (
				E28BA9611E96402500D5DE3D /* DismissAndPresentSegue.swift */,
				E28BA9621E96402500D5DE3D /* DismissAndPushSegue.swift */,
				E28BA9631E96402500D5DE3D /* MorphSegue.swift */,
				E28BA9641E96402500D5DE3D /* OpenURLSegue.swift */,
				E2D4D3D4205A4734004AE487 /* PushFirstSegue.swift */,
				E2B3E5831F26EA5C002539E6 /* ReplaceInNavigationSegue.swift */,
				E28BA9651E96402500D5DE3D /* TranslationAnimationController.swift */,
				E28BA9661E96402500D5DE3D /* TranslationNavigationDelegate.swift */,
				E28BA9671E96402500D5DE3D /* TranslationTransitioningController.swift */,
				E22FD1B11EC564AD0043171C /* UIViewController+Dismiss.swift */,
				E28BA9681E96402500D5DE3D /* UIViewController+Segue.swift */,
				E28BA9691E96402500D5DE3D /* UIViewMorphExtensions.swift */,
			);
			path = View;
			sourceTree = "<group>";
		};
		E28BA96A1E96402500D5DE3D /* UserDefaults */ = {
			isa = PBXGroup;
			children = (
				E28BA96B1E96402500D5DE3D /* Model */,
			);
			path = UserDefaults;
			sourceTree = "<group>";
		};
		E28BA96B1E96402500D5DE3D /* Model */ = {
			isa = PBXGroup;
			children = (
				E28BA96C1E96402500D5DE3D /* DefaultsHandlerType.swift */,
			);
			path = Model;
			sourceTree = "<group>";
		};
		E28BA9AC1E964A8300D5DE3D /* Frameworks */ = {
			isa = PBXGroup;
			children = (
				E28BA9AD1E964A8300D5DE3D /* CoreImage.framework */,
			);
			name = Frameworks;
			path = ..;
			sourceTree = "<group>";
		};
		E28BA9AF1E964B5200D5DE3D /* Submodules */ = {
			isa = PBXGroup;
			children = (
				E28BA9B01E964B5200D5DE3D /* Apple */,
			);
			path = Submodules;
			sourceTree = "<group>";
		};
		E28BA9B01E964B5200D5DE3D /* Apple */ = {
			isa = PBXGroup;
			children = (
				E28BA9B11E964B5200D5DE3D /* View */,
			);
			path = Apple;
			sourceTree = "<group>";
		};
		E28BA9B11E964B5200D5DE3D /* View */ = {
			isa = PBXGroup;
			children = (
				E28BA9B21E964B5200D5DE3D /* UIImageEffects.h */,
				E28BA9B31E964B5200D5DE3D /* UIImageEffects.m */,
			);
			path = View;
			sourceTree = "<group>";
		};
		E28BA9BB1E964BED00D5DE3D /* BFWControls Demo */ = {
			isa = PBXGroup;
			children = (
				E28BA9CC1E964CB200D5DE3D /* Launch */,
				E28BA9D91E964D4500D5DE3D /* Modules */,
			);
			path = "BFWControls Demo";
			sourceTree = "<group>";
		};
		E28BA9CC1E964CB200D5DE3D /* Launch */ = {
			isa = PBXGroup;
			children = (
				E28BA9CD1E964CB200D5DE3D /* AppDelegate.swift */,
				E28BA9CE1E964CB200D5DE3D /* Assets.xcassets */,
				E28BA9D31E964CB200D5DE3D /* Info.plist */,
			);
			path = Launch;
			sourceTree = "<group>";
		};
		E28BA9D91E964D4500D5DE3D /* Modules */ = {
			isa = PBXGroup;
			children = (
				E28BA9DA1E964D4500D5DE3D /* Alert */,
				E2640383211BB57700A4204C /* ArcView */,
				E28BA9DD1E964D4500D5DE3D /* Carousel */,
				E28BA9E11E964D4500D5DE3D /* Developer */,
				E28BA9E41E964D4500D5DE3D /* Layout */,
				E28BA9E71E964D4500D5DE3D /* Morph */,
				E28BA9EB1E964D4500D5DE3D /* NibReplaceable */,
				E28BA9F11E964D4500D5DE3D /* Table */,
				E22477E61ECBCAA7004A7802 /* Transition */,
			);
			path = Modules;
			sourceTree = "<group>";
		};
		E28BA9DA1E964D4500D5DE3D /* Alert */ = {
			isa = PBXGroup;
			children = (
				E28BA9DB1E964D4500D5DE3D /* Controller */,
			);
			path = Alert;
			sourceTree = "<group>";
		};
		E28BA9DB1E964D4500D5DE3D /* Controller */ = {
			isa = PBXGroup;
			children = (
				E28BA9DC1E964D4500D5DE3D /* Alerts.storyboard */,
			);
			path = Controller;
			sourceTree = "<group>";
		};
		E28BA9DD1E964D4500D5DE3D /* Carousel */ = {
			isa = PBXGroup;
			children = (
				E28BA9DE1E964D4500D5DE3D /* Controller */,
			);
			path = Carousel;
			sourceTree = "<group>";
		};
		E28BA9DE1E964D4500D5DE3D /* Controller */ = {
			isa = PBXGroup;
			children = (
				E28BA9DF1E964D4500D5DE3D /* Carousel.storyboard */,
				E28BA9E01E964D4500D5DE3D /* SampleCarousel.plist */,
			);
			path = Controller;
			sourceTree = "<group>";
		};
		E28BA9E11E964D4500D5DE3D /* Developer */ = {
			isa = PBXGroup;
			children = (
				E28BA9E21E964D4500D5DE3D /* Controller */,
			);
			path = Developer;
			sourceTree = "<group>";
		};
		E28BA9E21E964D4500D5DE3D /* Controller */ = {
			isa = PBXGroup;
			children = (
				E28BA9E31E964D4500D5DE3D /* Developer.storyboard */,
			);
			path = Controller;
			sourceTree = "<group>";
		};
		E28BA9E41E964D4500D5DE3D /* Layout */ = {
			isa = PBXGroup;
			children = (
				E28BA9E51E964D4500D5DE3D /* Controller */,
			);
			path = Layout;
			sourceTree = "<group>";
		};
		E28BA9E51E964D4500D5DE3D /* Controller */ = {
			isa = PBXGroup;
			children = (
				E28BA9E61E964D4500D5DE3D /* Layout.storyboard */,
			);
			path = Controller;
			sourceTree = "<group>";
		};
		E28BA9E71E964D4500D5DE3D /* Morph */ = {
			isa = PBXGroup;
			children = (
				E28BA9E81E964D4500D5DE3D /* Controller */,
			);
			path = Morph;
			sourceTree = "<group>";
		};
		E28BA9E81E964D4500D5DE3D /* Controller */ = {
			isa = PBXGroup;
			children = (
				E28BA9E91E964D4500D5DE3D /* Morph.storyboard */,
				E28BA9EA1E964D4500D5DE3D /* MorphTableViewController.swift */,
			);
			path = Controller;
			sourceTree = "<group>";
		};
		E28BA9EB1E964D4500D5DE3D /* NibReplaceable */ = {
			isa = PBXGroup;
			children = (
				E28BA9EC1E964D4500D5DE3D /* Controller */,
				E22FEA7821A2D786000DB707 /* Model */,
				E28BA9EE1E964D4500D5DE3D /* View */,
			);
			path = NibReplaceable;
			sourceTree = "<group>";
		};
		E28BA9EC1E964D4500D5DE3D /* Controller */ = {
			isa = PBXGroup;
			children = (
				E22FEA7221A2D69A000DB707 /* BackgroundNavigationController.swift */,
				E28BA9ED1E964D4500D5DE3D /* NibReplaceable.storyboard */,
			);
			path = Controller;
			sourceTree = "<group>";
		};
		E28BA9EE1E964D4500D5DE3D /* View */ = {
			isa = PBXGroup;
			children = (
				E28BA9EF1E964D4500D5DE3D /* AvatarCellView.swift */,
				E28BA9F01E964D4500D5DE3D /* AvatarCellView.xib */,
				A1EDD9B92105EAAA00A76119 /* AvatarCollectionViewCell.swift */,
				A1EDD9BA2105EAAA00A76119 /* AvatarCollectionViewCell.xib */,
				E2D6C7B7204BC3C300144DF6 /* AvatarContentTableViewCell.swift */,
				E2E40F0F2091B7CF005D0AA5 /* AvatarTableViewCell.swift */,
				E2E40F102091B7CF005D0AA5 /* AvatarTableViewCell.xib */,
				E22FEA7B21A2DEFC000DB707 /* BackgroundTableView.swift */,
				E22FEA7421A2D6CA000DB707 /* BackgroundView.swift */,
				E22FEA7621A2D6E1000DB707 /* BackgroundView.xib */,
				E29BD11C2186C28A000D3176 /* CenteredTableViewCell.swift */,
				E29BD11D2186C28A000D3176 /* CenteredTableViewCell.xib */,
				E29BD1162186BF7B000D3176 /* RoundedImageTableViewCell.swift */,
				E29BD1172186BF7B000D3176 /* RoundedImageTableViewCell.xib */,
				E235410821A2EFE600DB9DA2 /* TileButton.swift */,
				E235410A21A2F06000DB9DA2 /* TileButton.xib */,
			);
			path = View;
			sourceTree = "<group>";
		};
		E28BA9F11E964D4500D5DE3D /* Table */ = {
			isa = PBXGroup;
			children = (
				E28BA9F21E964D4500D5DE3D /* Controller */,
			);
			path = Table;
			sourceTree = "<group>";
		};
		E28BA9F21E964D4500D5DE3D /* Controller */ = {
			isa = PBXGroup;
			children = (
				A1BD33B81EEAC9A400D217F6 /* DynamicCellDemoViewController.swift */,
				A11CF2291EEC2F4D00020C0C /* DynamicHeightCellViewController.swift */,
				A1BD33A11EEA2F9800D217F6 /* ExcludeCellDemoViewController.swift */,
				E28BA9F31E964D4500D5DE3D /* Table.storyboard */,
			);
			path = Controller;
			sourceTree = "<group>";
		};
		E2A55F1E21ACC66300812DC6 /* Resource */ = {
			isa = PBXGroup;
			children = (
				E2A55F1F21ACC69500812DC6 /* Image.xcassets */,
			);
			path = Resource;
			sourceTree = "<group>";
		};
		E2A87BC71EFEA2940069E41F /* Shadable */ = {
			isa = PBXGroup;
			children = (
				E2A87BC81EFEA2940069E41F /* View */,
			);
			path = Shadable;
			sourceTree = "<group>";
		};
		E2A87BC81EFEA2940069E41F /* View */ = {
			isa = PBXGroup;
			children = (
				E2A87BC91EFEA2F80069E41F /* Shadable.swift */,
				E24682201F24820B007285DB /* ShadableView.swift */,
			);
			path = View;
			sourceTree = "<group>";
		};
		E2E08F702157292200316653 /* Overlay */ = {
			isa = PBXGroup;
			children = (
				E2E08F712157293100316653 /* View */,
			);
			path = Overlay;
			sourceTree = "<group>";
		};
		E2E08F712157293100316653 /* View */ = {
			isa = PBXGroup;
			children = (
				E2E08F722157294700316653 /* UIView+Overlay.swift */,
			);
			path = View;
			sourceTree = "<group>";
		};
		E2EB09C41FE4C5D1001DC697 /* Controls */ = {
			isa = PBXGroup;
			children = (
				E2EB09C51FE4C5E8001DC697 /* View */,
			);
			path = Controls;
			sourceTree = "<group>";
		};
		E2EB09C51FE4C5E8001DC697 /* View */ = {
			isa = PBXGroup;
			children = (
				E2EB09C61FE4C61E001DC697 /* UISegmentedControl+Convenience.swift */,
			);
			path = View;
			sourceTree = "<group>";
		};
		E2F8CB3A2172EB3D00715750 /* View */ = {
			isa = PBXGroup;
			children = (
				E2F8CB3B2172EB5A00715750 /* UIView+Log.swift */,
			);
			path = View;
			sourceTree = "<group>";
		};
/* End PBXGroup section */

/* Begin PBXHeadersBuildPhase section */
		E28BA90E1E963F7800D5DE3D /* Headers */ = {
			isa = PBXHeadersBuildPhase;
			buildActionMask = 2147483647;
			files = (
				E28BA9A11E9643BC00D5DE3D /* BFWControls.h in Headers */,
				E235410E21A2F84900DB9DA2 /* BFWNibButton.h in Headers */,
				E28BA9A81E96457100D5DE3D /* BFWNibView.h in Headers */,
				E2F1606320BE006800A54D6A /* BFWNibTableViewCell.h in Headers */,
				A1EDD9B72105E8AE00A76119 /* BFWNibCollectionViewCell.h in Headers */,
				E28BA9B41E964B5200D5DE3D /* UIImageEffects.h in Headers */,
			);
			runOnlyForDeploymentPostprocessing = 0;
		};
/* End PBXHeadersBuildPhase section */

/* Begin PBXNativeTarget section */
		E28BA9101E963F7800D5DE3D /* BFWControls */ = {
			isa = PBXNativeTarget;
			buildConfigurationList = E28BA9191E963F7900D5DE3D /* Build configuration list for PBXNativeTarget "BFWControls" */;
			buildPhases = (
				E28BA90C1E963F7800D5DE3D /* Sources */,
				E28BA90D1E963F7800D5DE3D /* Frameworks */,
				E28BA90E1E963F7800D5DE3D /* Headers */,
				E28BA90F1E963F7800D5DE3D /* Resources */,
			);
			buildRules = (
			);
			dependencies = (
			);
			name = BFWControls;
			productName = BFWControls;
			productReference = E28BA9111E963F7800D5DE3D /* BFWControls.framework */;
			productType = "com.apple.product-type.framework";
		};
		E28BA9B91E964BED00D5DE3D /* BFWControls Demo */ = {
			isa = PBXNativeTarget;
			buildConfigurationList = E28BA9C91E964BED00D5DE3D /* Build configuration list for PBXNativeTarget "BFWControls Demo" */;
			buildPhases = (
				E28BA9B61E964BED00D5DE3D /* Sources */,
				E28BA9B71E964BED00D5DE3D /* Frameworks */,
				E28BA9B81E964BED00D5DE3D /* Resources */,
			);
			buildRules = (
			);
			dependencies = (
			);
			name = "BFWControls Demo";
			productName = "BFWControls Demo";
			productReference = E28BA9BA1E964BED00D5DE3D /* BFWControls Demo.app */;
			productType = "com.apple.product-type.application";
		};
/* End PBXNativeTarget section */

/* Begin PBXProject section */
		E28BA9081E963F7800D5DE3D /* Project object */ = {
			isa = PBXProject;
			attributes = {
				LastSwiftUpdateCheck = 0830;
				LastUpgradeCheck = 0930;
				ORGANIZATIONNAME = BareFeetWare;
				TargetAttributes = {
					E28BA9101E963F7800D5DE3D = {
						CreatedOnToolsVersion = 8.3;
						LastSwiftMigration = 1000;
						ProvisioningStyle = Automatic;
					};
					E28BA9B91E964BED00D5DE3D = {
						CreatedOnToolsVersion = 8.3;
						LastSwiftMigration = 0930;
						ProvisioningStyle = Automatic;
					};
				};
			};
			buildConfigurationList = E28BA90B1E963F7800D5DE3D /* Build configuration list for PBXProject "BFWControls" */;
			compatibilityVersion = "Xcode 3.2";
			developmentRegion = English;
			hasScannedForEncodings = 0;
			knownRegions = (
				en,
				Base,
			);
			mainGroup = E28BA9071E963F7800D5DE3D;
			productRefGroup = E28BA9121E963F7800D5DE3D /* Products */;
			projectDirPath = "";
			projectRoot = "";
			targets = (
				E28BA9101E963F7800D5DE3D /* BFWControls */,
				E28BA9B91E964BED00D5DE3D /* BFWControls Demo */,
			);
		};
/* End PBXProject section */

/* Begin PBXResourcesBuildPhase section */
		E28BA90F1E963F7800D5DE3D /* Resources */ = {
			isa = PBXResourcesBuildPhase;
			buildActionMask = 2147483647;
			files = (
				E28BA96F1E96402500D5DE3D /* ActionSheetView.xib in Resources */,
				E28BA9711E96402500D5DE3D /* AlertView.xib in Resources */,
				E2A55F2121ACC6EF00812DC6 /* Image.xcassets in Resources */,
				E28BA9731E96402500D5DE3D /* AlertViewOverlay.xib in Resources */,
				E28BA9751E96402500D5DE3D /* StaticAlertView.xib in Resources */,
			);
			runOnlyForDeploymentPostprocessing = 0;
		};
		E28BA9B81E964BED00D5DE3D /* Resources */ = {
			isa = PBXResourcesBuildPhase;
			buildActionMask = 2147483647;
			files = (
				E28BA9D51E964CB200D5DE3D /* Assets.xcassets in Resources */,
				A1EDD9BC2105EAAA00A76119 /* AvatarCollectionViewCell.xib in Resources */,
				E2640386211BB5B300A4204C /* ArcView.storyboard in Resources */,
				E28BA9FD1E964D4500D5DE3D /* AvatarCellView.xib in Resources */,
				E28BA9FE1E964D4500D5DE3D /* Table.storyboard in Resources */,
				E29BD11A2186BF7B000D3176 /* RoundedImageTableViewCell.xib in Resources */,
				E21C688021A52E4600BADF78 /* Icon.xcassets in Resources */,
				E2E40F122091B7CF005D0AA5 /* AvatarTableViewCell.xib in Resources */,
				E29BD11F2186C28A000D3176 /* CenteredTableViewCell.xib in Resources */,
				E22FEA7A21A2D7B5000DB707 /* Background.xcassets in Resources */,
				E28BA9F51E964D4500D5DE3D /* Carousel.storyboard in Resources */,
				E28BA9FB1E964D4500D5DE3D /* NibReplaceable.storyboard in Resources */,
				E28BA9F71E964D4500D5DE3D /* Developer.storyboard in Resources */,
				E28BA9F61E964D4500D5DE3D /* SampleCarousel.plist in Resources */,
				E235410B21A2F06100DB9DA2 /* TileButton.xib in Resources */,
				E28BA9F81E964D4500D5DE3D /* Layout.storyboard in Resources */,
				E28BA9F41E964D4500D5DE3D /* Alerts.storyboard in Resources */,
				E22FEA7721A2D6E1000DB707 /* BackgroundView.xib in Resources */,
				E28BA9F91E964D4500D5DE3D /* Morph.storyboard in Resources */,
				E22477EA1ECBCAA7004A7802 /* Transition.storyboard in Resources */,
				E2640392211CF4A900A4204C /* ArcTableViewCell.xib in Resources */,
			);
			runOnlyForDeploymentPostprocessing = 0;
		};
/* End PBXResourcesBuildPhase section */

/* Begin PBXSourcesBuildPhase section */
		E28BA90C1E963F7800D5DE3D /* Sources */ = {
			isa = PBXSourcesBuildPhase;
			buildActionMask = 2147483647;
			files = (
				E29643602104570D007598D3 /* UIStackView+Joined.swift in Sources */,
				E24D5CBF20FEAE4F00600102 /* NibContainerSegmentedControl.swift in Sources */,
				E28BA9861E96402500D5DE3D /* NibCellView.swift in Sources */,
				E28BA98F1E96402500D5DE3D /* UIView+Copy.swift in Sources */,
				E28BA96E1E96402500D5DE3D /* ActionSheetView.swift in Sources */,
				E28BA9771E96402500D5DE3D /* BlurView.swift in Sources */,
				E235411121A2FB7E00DB9DA2 /* UIButton+Copy.swift in Sources */,
				E28BA9981E96402500D5DE3D /* DismissAndPushSegue.swift in Sources */,
				E212B38B20D8776700A5E677 /* InputValidator.swift in Sources */,
				E28BA9761E96402500D5DE3D /* Binding.swift in Sources */,
				E2BFE8F71F296CD900BAEC16 /* CustomTableViewCell.swift in Sources */,
				E28BA98B1E96402500D5DE3D /* NibView.swift in Sources */,
				E29569B0208EA44000E48077 /* NibTableViewCell.swift in Sources */,
				E2EB09B01FE335EF001DC697 /* FullWidthImageView.swift in Sources */,
				E2E5CABD1F4323EA003E0054 /* TextLabelProvider.swift in Sources */,
				E28BA99D1E96402500D5DE3D /* TranslationTransitioningController.swift in Sources */,
				E235410721A2EE7D00DB9DA2 /* NibButton.swift in Sources */,
				E26002B5217064C400F4BA98 /* IBLog.swift in Sources */,
				E28BA97C1E96402500D5DE3D /* DesignableView.swift in Sources */,
				E28BA97B1E96402500D5DE3D /* DesignableButton.swift in Sources */,
				E2A55F1D21ACBF7D00812DC6 /* RoundedImageView.swift in Sources */,
				E28BA9B51E964B5200D5DE3D /* UIImageEffects.m in Sources */,
				E28BA9971E96402500D5DE3D /* DismissAndPresentSegue.swift in Sources */,
				E226BD07209C3AD700652E86 /* NibReplaceable.swift in Sources */,
				E28BA98C1E96402500D5DE3D /* StatusTextField.swift in Sources */,
				E28BA9931E96402500D5DE3D /* StaticTableViewController.swift in Sources */,
				E28BA96D1E96402500D5DE3D /* AlertViewController.swift in Sources */,
				A1EDD9B82105E8AE00A76119 /* BFWNibCollectionViewCell.m in Sources */,
				E28BA99C1E96402500D5DE3D /* TranslationNavigationDelegate.swift in Sources */,
				E28BA9951E96402500D5DE3D /* AutoNextViewController.swift in Sources */,
				E28BA9911E96402500D5DE3D /* TextAttributes.swift in Sources */,
				E2F1606420BE006800A54D6A /* BFWNibTableViewCell.m in Sources */,
				E2F5D918218EFF2400794394 /* AdjustableTableView.swift in Sources */,
				E28BA9721E96402500D5DE3D /* AlertViewOverlay.swift in Sources */,
				E2DA04D81FEC953C00A2B602 /* DesignableTableViewCell.swift in Sources */,
				E2037AA5209851F8001E0BBA /* UITableViewCell+Copy.swift in Sources */,
				E2D4D3D5205A4734004AE487 /* PushFirstSegue.swift in Sources */,
				E288EEBA21094DDE00887F29 /* UIView+Hierarchy.swift in Sources */,
				E28BA9881E96402500D5DE3D /* NibContentTableViewCell.swift in Sources */,
				E26EE120210DCFC900E0781D /* ArcView.swift in Sources */,
				E207BCAA1EADE577007BB14F /* UIImage+BFW.swift in Sources */,
				E28BA9A01E96402500D5DE3D /* DefaultsHandlerType.swift in Sources */,
				E2E08F732157294700316653 /* UIView+Overlay.swift in Sources */,
				E28BA97E1E96402500D5DE3D /* UIView+Transform.swift in Sources */,
				E2F8CB3C2172EB5A00715750 /* UIView+Log.swift in Sources */,
				E28BA9701E96402500D5DE3D /* AlertView.swift in Sources */,
				E28BA9841E96402500D5DE3D /* ImageNibCellView.swift in Sources */,
				E24D5CC320FEB45300600102 /* UIView+UIImage.swift in Sources */,
				E26403822119CE4B00A4204C /* AdjustingTableViewController.swift in Sources */,
				E28BA9851E96402500D5DE3D /* NibContainerButton.swift in Sources */,
				E28BA98A1E96402500D5DE3D /* NibTextField.swift in Sources */,
				E22A98EC2107E52500572A85 /* UIViewController+SegmentedControl.swift in Sources */,
				E28BA97A1E96402500D5DE3D /* CarouselViewController.swift in Sources */,
				E2A87BCA1EFEA2F80069E41F /* Shadable.swift in Sources */,
				E28BA9921E96402500D5DE3D /* StyledText.swift in Sources */,
				E24FFA1C20D7244A00A36699 /* UIApplication+Unwind.swift in Sources */,
				E28BA99F1E96402500D5DE3D /* UIViewMorphExtensions.swift in Sources */,
				E28BA9741E96402500D5DE3D /* StaticAlertView.swift in Sources */,
				E2B3E5841F26EA5C002539E6 /* ReplaceInNavigationSegue.swift in Sources */,
				E2430DC62161D7DD00DE95AE /* HidingStackView.swift in Sources */,
				E2037A9A209815BB001E0BBA /* NSAttributedString+TextAttributes.swift in Sources */,
				E288EEBC21094E6900887F29 /* UIView+NSLayoutConstraints.swift in Sources */,
				E2EB09C71FE4C61E001DC697 /* UISegmentedControl+Convenience.swift in Sources */,
				E28BA99E1E96402500D5DE3D /* UIViewController+Segue.swift in Sources */,
				E28BA97F1E96402500D5DE3D /* NSLayoutConstraintExtensions.swift in Sources */,
				E28BA9901E96402500D5DE3D /* Dictionary+StyledText.swift in Sources */,
				E24FFA1720D6255900A36699 /* UIViewController+Unwind.swift in Sources */,
				E22FD1B21EC564AD0043171C /* UIViewController+Dismiss.swift in Sources */,
				E26E1F971F9C34F90008BACB /* NibCellViewContainer.swift in Sources */,
				E22097701F4185B500400079 /* NibCollectionViewCell.swift in Sources */,
				E28BA99A1E96402500D5DE3D /* OpenURLSegue.swift in Sources */,
				E28BA9801E96402500D5DE3D /* PileView.swift in Sources */,
				E28BA9991E96402500D5DE3D /* MorphSegue.swift in Sources */,
				E28BA99B1E96402500D5DE3D /* TranslationAnimationController.swift in Sources */,
				E28BA98D1E96402500D5DE3D /* StatusTextFieldNibView.swift in Sources */,
				E28BA9961E96402500D5DE3D /* SegueHandlerType.swift in Sources */,
				E24682211F24820B007285DB /* ShadableView.swift in Sources */,
				E2F5D91A218F015000794394 /* UITableView+Adjustable.swift in Sources */,
				E235410F21A2F84900DB9DA2 /* BFWNibButton.m in Sources */,
				E28BA9891E96402500D5DE3D /* NibTableViewHeaderFooterView.swift in Sources */,
				E28BA9831E96402500D5DE3D /* BFWNibView.m in Sources */,
				E28BA9941E96402500D5DE3D /* UIView+Table.swift in Sources */,
				E2320B2D1FDF6A49000E940E /* UITableViewCell+Separator.swift in Sources */,
			);
			runOnlyForDeploymentPostprocessing = 0;
		};
		E28BA9B61E964BED00D5DE3D /* Sources */ = {
			isa = PBXSourcesBuildPhase;
			buildActionMask = 2147483647;
			files = (
				E2D6C7B8204BC3C300144DF6 /* AvatarContentTableViewCell.swift in Sources */,
				E235410921A2EFE600DB9DA2 /* TileButton.swift in Sources */,
				E28BA9FA1E964D4500D5DE3D /* MorphTableViewController.swift in Sources */,
				E29BD11E2186C28A000D3176 /* CenteredTableViewCell.swift in Sources */,
				E22FEA7321A2D69A000DB707 /* BackgroundNavigationController.swift in Sources */,
				A1BD33B91EEAC9A400D217F6 /* DynamicCellDemoViewController.swift in Sources */,
				E26403782116B14800A4204C /* AvatarTableViewCell.swift in Sources */,
				A1EDD9BB2105EAAA00A76119 /* AvatarCollectionViewCell.swift in Sources */,
				E22FEA7521A2D6CA000DB707 /* BackgroundView.swift in Sources */,
				E28BA9FC1E964D4500D5DE3D /* AvatarCellView.swift in Sources */,
				A1BD33A21EEA2F9800D217F6 /* ExcludeCellDemoViewController.swift in Sources */,
				E22FEA7C21A2DEFC000DB707 /* BackgroundTableView.swift in Sources */,
				E28BA9D41E964CB200D5DE3D /* AppDelegate.swift in Sources */,
				A11CF22A1EEC2F4D00020C0C /* DynamicHeightCellViewController.swift in Sources */,
				A1E0C3561EE9257A009F4ED3 /* SegueHandlerType.swift in Sources */,
				E29BD1192186BF7B000D3176 /* RoundedImageTableViewCell.swift in Sources */,
				E2640391211CF4A900A4204C /* ArcTableViewCell.swift in Sources */,
				E22477EB1ECBCAA7004A7802 /* TransitionViewController.swift in Sources */,
			);
			runOnlyForDeploymentPostprocessing = 0;
		};
/* End PBXSourcesBuildPhase section */

/* Begin XCBuildConfiguration section */
		E28BA9171E963F7900D5DE3D /* Debug */ = {
			isa = XCBuildConfiguration;
			buildSettings = {
				ALWAYS_SEARCH_USER_PATHS = NO;
				CLANG_ANALYZER_NONNULL = YES;
				CLANG_ANALYZER_NUMBER_OBJECT_CONVERSION = YES_AGGRESSIVE;
				CLANG_CXX_LANGUAGE_STANDARD = "gnu++0x";
				CLANG_CXX_LIBRARY = "libc++";
				CLANG_ENABLE_MODULES = YES;
				CLANG_ENABLE_OBJC_ARC = YES;
				CLANG_WARN_BLOCK_CAPTURE_AUTORELEASING = YES;
				CLANG_WARN_BOOL_CONVERSION = YES;
				CLANG_WARN_COMMA = YES;
				CLANG_WARN_CONSTANT_CONVERSION = YES;
				CLANG_WARN_DEPRECATED_OBJC_IMPLEMENTATIONS = YES;
				CLANG_WARN_DIRECT_OBJC_ISA_USAGE = YES_ERROR;
				CLANG_WARN_DOCUMENTATION_COMMENTS = YES;
				CLANG_WARN_EMPTY_BODY = YES;
				CLANG_WARN_ENUM_CONVERSION = YES;
				CLANG_WARN_INFINITE_RECURSION = YES;
				CLANG_WARN_INT_CONVERSION = YES;
				CLANG_WARN_NON_LITERAL_NULL_CONVERSION = YES;
				CLANG_WARN_OBJC_IMPLICIT_RETAIN_SELF = YES;
				CLANG_WARN_OBJC_LITERAL_CONVERSION = YES;
				CLANG_WARN_OBJC_ROOT_CLASS = YES_ERROR;
				CLANG_WARN_RANGE_LOOP_ANALYSIS = YES;
				CLANG_WARN_STRICT_PROTOTYPES = YES;
				CLANG_WARN_SUSPICIOUS_MOVE = YES;
				CLANG_WARN_UNREACHABLE_CODE = YES;
				CLANG_WARN__DUPLICATE_METHOD_MATCH = YES;
				"CODE_SIGN_IDENTITY[sdk=iphoneos*]" = "iPhone Developer";
				COPY_PHASE_STRIP = NO;
				CURRENT_PROJECT_VERSION = 1;
				DEBUG_INFORMATION_FORMAT = dwarf;
				ENABLE_STRICT_OBJC_MSGSEND = YES;
				ENABLE_TESTABILITY = YES;
				GCC_C_LANGUAGE_STANDARD = gnu99;
				GCC_DYNAMIC_NO_PIC = NO;
				GCC_NO_COMMON_BLOCKS = YES;
				GCC_OPTIMIZATION_LEVEL = 0;
				GCC_PREPROCESSOR_DEFINITIONS = (
					"DEBUG=1",
					"$(inherited)",
				);
				GCC_WARN_64_TO_32_BIT_CONVERSION = YES;
				GCC_WARN_ABOUT_RETURN_TYPE = YES_ERROR;
				GCC_WARN_UNDECLARED_SELECTOR = YES;
				GCC_WARN_UNINITIALIZED_AUTOS = YES_AGGRESSIVE;
				GCC_WARN_UNUSED_FUNCTION = YES;
				GCC_WARN_UNUSED_VARIABLE = YES;
				MTL_ENABLE_DEBUG_INFO = YES;
				ONLY_ACTIVE_ARCH = YES;
				SDKROOT = iphoneos;
				SWIFT_ACTIVE_COMPILATION_CONDITIONS = DEBUG;
				SWIFT_OPTIMIZATION_LEVEL = "-Onone";
				TARGETED_DEVICE_FAMILY = "1,2";
				VERSIONING_SYSTEM = "apple-generic";
				VERSION_INFO_PREFIX = "";
			};
			name = Debug;
		};
		E28BA9181E963F7900D5DE3D /* Release */ = {
			isa = XCBuildConfiguration;
			buildSettings = {
				ALWAYS_SEARCH_USER_PATHS = NO;
				CLANG_ANALYZER_NONNULL = YES;
				CLANG_ANALYZER_NUMBER_OBJECT_CONVERSION = YES_AGGRESSIVE;
				CLANG_CXX_LANGUAGE_STANDARD = "gnu++0x";
				CLANG_CXX_LIBRARY = "libc++";
				CLANG_ENABLE_MODULES = YES;
				CLANG_ENABLE_OBJC_ARC = YES;
				CLANG_WARN_BLOCK_CAPTURE_AUTORELEASING = YES;
				CLANG_WARN_BOOL_CONVERSION = YES;
				CLANG_WARN_COMMA = YES;
				CLANG_WARN_CONSTANT_CONVERSION = YES;
				CLANG_WARN_DEPRECATED_OBJC_IMPLEMENTATIONS = YES;
				CLANG_WARN_DIRECT_OBJC_ISA_USAGE = YES_ERROR;
				CLANG_WARN_DOCUMENTATION_COMMENTS = YES;
				CLANG_WARN_EMPTY_BODY = YES;
				CLANG_WARN_ENUM_CONVERSION = YES;
				CLANG_WARN_INFINITE_RECURSION = YES;
				CLANG_WARN_INT_CONVERSION = YES;
				CLANG_WARN_NON_LITERAL_NULL_CONVERSION = YES;
				CLANG_WARN_OBJC_IMPLICIT_RETAIN_SELF = YES;
				CLANG_WARN_OBJC_LITERAL_CONVERSION = YES;
				CLANG_WARN_OBJC_ROOT_CLASS = YES_ERROR;
				CLANG_WARN_RANGE_LOOP_ANALYSIS = YES;
				CLANG_WARN_STRICT_PROTOTYPES = YES;
				CLANG_WARN_SUSPICIOUS_MOVE = YES;
				CLANG_WARN_UNREACHABLE_CODE = YES;
				CLANG_WARN__DUPLICATE_METHOD_MATCH = YES;
				"CODE_SIGN_IDENTITY[sdk=iphoneos*]" = "iPhone Developer";
				COPY_PHASE_STRIP = NO;
				CURRENT_PROJECT_VERSION = 1;
				DEBUG_INFORMATION_FORMAT = "dwarf-with-dsym";
				ENABLE_NS_ASSERTIONS = NO;
				ENABLE_STRICT_OBJC_MSGSEND = YES;
				GCC_C_LANGUAGE_STANDARD = gnu99;
				GCC_NO_COMMON_BLOCKS = YES;
				GCC_WARN_64_TO_32_BIT_CONVERSION = YES;
				GCC_WARN_ABOUT_RETURN_TYPE = YES_ERROR;
				GCC_WARN_UNDECLARED_SELECTOR = YES;
				GCC_WARN_UNINITIALIZED_AUTOS = YES_AGGRESSIVE;
				GCC_WARN_UNUSED_FUNCTION = YES;
				GCC_WARN_UNUSED_VARIABLE = YES;
				MTL_ENABLE_DEBUG_INFO = NO;
				SDKROOT = iphoneos;
				SWIFT_OPTIMIZATION_LEVEL = "-Owholemodule";
				TARGETED_DEVICE_FAMILY = "1,2";
				VALIDATE_PRODUCT = YES;
				VERSIONING_SYSTEM = "apple-generic";
				VERSION_INFO_PREFIX = "";
			};
			name = Release;
		};
		E28BA91A1E963F7900D5DE3D /* Debug */ = {
			isa = XCBuildConfiguration;
			buildSettings = {
				CODE_SIGN_IDENTITY = "";
				DEFINES_MODULE = YES;
				DYLIB_COMPATIBILITY_VERSION = 1;
				DYLIB_CURRENT_VERSION = 1;
				DYLIB_INSTALL_NAME_BASE = "@rpath";
				INFOPLIST_FILE = BFWControls/Info.plist;
				INSTALL_PATH = "$(LOCAL_LIBRARY_DIR)/Frameworks";
				IPHONEOS_DEPLOYMENT_TARGET = 9.0;
				LD_RUNPATH_SEARCH_PATHS = "$(inherited) @executable_path/Frameworks @loader_path/Frameworks";
				PRODUCT_BUNDLE_IDENTIFIER = com.barefeetware.BFWControls;
				PRODUCT_NAME = "$(TARGET_NAME)";
				SKIP_INSTALL = YES;
				SWIFT_VERSION = 4.2;
			};
			name = Debug;
		};
		E28BA91B1E963F7900D5DE3D /* Release */ = {
			isa = XCBuildConfiguration;
			buildSettings = {
				CODE_SIGN_IDENTITY = "";
				DEFINES_MODULE = YES;
				DYLIB_COMPATIBILITY_VERSION = 1;
				DYLIB_CURRENT_VERSION = 1;
				DYLIB_INSTALL_NAME_BASE = "@rpath";
				INFOPLIST_FILE = BFWControls/Info.plist;
				INSTALL_PATH = "$(LOCAL_LIBRARY_DIR)/Frameworks";
				IPHONEOS_DEPLOYMENT_TARGET = 9.0;
				LD_RUNPATH_SEARCH_PATHS = "$(inherited) @executable_path/Frameworks @loader_path/Frameworks";
				PRODUCT_BUNDLE_IDENTIFIER = com.barefeetware.BFWControls;
				PRODUCT_NAME = "$(TARGET_NAME)";
				SKIP_INSTALL = YES;
				SWIFT_VERSION = 4.2;
			};
			name = Release;
		};
		E28BA9CA1E964BED00D5DE3D /* Debug */ = {
			isa = XCBuildConfiguration;
			buildSettings = {
				ASSETCATALOG_COMPILER_APPICON_NAME = AppIcon;
				INFOPLIST_FILE = "BFWControls Demo/Launch/Info.plist";
				LD_RUNPATH_SEARCH_PATHS = "$(inherited) @executable_path/Frameworks";
				PRODUCT_BUNDLE_IDENTIFIER = "com.barefeetware.BFWControls-Demo";
				PRODUCT_NAME = "$(TARGET_NAME)";
				SWIFT_VERSION = 4.0;
			};
			name = Debug;
		};
		E28BA9CB1E964BED00D5DE3D /* Release */ = {
			isa = XCBuildConfiguration;
			buildSettings = {
				ASSETCATALOG_COMPILER_APPICON_NAME = AppIcon;
				INFOPLIST_FILE = "BFWControls Demo/Launch/Info.plist";
				LD_RUNPATH_SEARCH_PATHS = "$(inherited) @executable_path/Frameworks";
				PRODUCT_BUNDLE_IDENTIFIER = "com.barefeetware.BFWControls-Demo";
				PRODUCT_NAME = "$(TARGET_NAME)";
				SWIFT_VERSION = 4.0;
			};
			name = Release;
		};
/* End XCBuildConfiguration section */

/* Begin XCConfigurationList section */
		E28BA90B1E963F7800D5DE3D /* Build configuration list for PBXProject "BFWControls" */ = {
			isa = XCConfigurationList;
			buildConfigurations = (
				E28BA9171E963F7900D5DE3D /* Debug */,
				E28BA9181E963F7900D5DE3D /* Release */,
			);
			defaultConfigurationIsVisible = 0;
			defaultConfigurationName = Release;
		};
		E28BA9191E963F7900D5DE3D /* Build configuration list for PBXNativeTarget "BFWControls" */ = {
			isa = XCConfigurationList;
			buildConfigurations = (
				E28BA91A1E963F7900D5DE3D /* Debug */,
				E28BA91B1E963F7900D5DE3D /* Release */,
			);
			defaultConfigurationIsVisible = 0;
			defaultConfigurationName = Release;
		};
		E28BA9C91E964BED00D5DE3D /* Build configuration list for PBXNativeTarget "BFWControls Demo" */ = {
			isa = XCConfigurationList;
			buildConfigurations = (
				E28BA9CA1E964BED00D5DE3D /* Debug */,
				E28BA9CB1E964BED00D5DE3D /* Release */,
			);
			defaultConfigurationIsVisible = 0;
			defaultConfigurationName = Release;
		};
/* End XCConfigurationList section */
	};
	rootObject = E28BA9081E963F7800D5DE3D /* Project object */;
}
